// !$*UTF8*$!
{
	archiveVersion = 1;
	classes = {
	};
	objectVersion = 46;
	objects = {

/* Begin PBXBuildFile section */
		6C6D47CD1C18617900B80FB6 /* CSLScanViewController.m in Sources */ = {isa = PBXBuildFile; fileRef = 6C6D47CC1C18617900B80FB6 /* CSLScanViewController.m */; };
		6C6D47D01C18833600B80FB6 /* Auxiliary.m in Sources */ = {isa = PBXBuildFile; fileRef = 6C6D47CF1C18833600B80FB6 /* Auxiliary.m */; };
		6C73E4531C238E5600B674E9 /* CSLDrugDetailController.xib in Resources */ = {isa = PBXBuildFile; fileRef = 6C73E4511C238E5600B674E9 /* CSLDrugDetailController.xib */; };
		6C73E45B1C23B88E00B674E9 /* CSLDrugDetailCell.m in Sources */ = {isa = PBXBuildFile; fileRef = 6C73E4591C23B88E00B674E9 /* CSLDrugDetailCell.m */; };
		6C73E45C1C23B88E00B674E9 /* CSLDrugDetailCell.xib in Resources */ = {isa = PBXBuildFile; fileRef = 6C73E45A1C23B88E00B674E9 /* CSLDrugDetailCell.xib */; };
		6C73E4621C23E36D00B674E9 /* NSObject+perpoty.m in Sources */ = {isa = PBXBuildFile; fileRef = 6C73E4611C23E36D00B674E9 /* NSObject+perpoty.m */; };
		6C93F0CB1C19246B007BA2B0 /* CSLExpressViewController.m in Sources */ = {isa = PBXBuildFile; fileRef = 6C93F0C91C19246B007BA2B0 /* CSLExpressViewController.m */; };
		6C93F0CC1C19246B007BA2B0 /* CSLExpressViewController.xib in Resources */ = {isa = PBXBuildFile; fileRef = 6C93F0CA1C19246B007BA2B0 /* CSLExpressViewController.xib */; };
		6C93F0D01C1925D1007BA2B0 /* CSLNetRequest.m in Sources */ = {isa = PBXBuildFile; fileRef = 6C93F0CF1C1925D1007BA2B0 /* CSLNetRequest.m */; };
		6C93F0D31C195B72007BA2B0 /* CSLDownListView.m in Sources */ = {isa = PBXBuildFile; fileRef = 6C93F0D21C195B72007BA2B0 /* CSLDownListView.m */; };
		6C9FB9B51C185BE700725C02 /* CSLChatroomViewController.m in Sources */ = {isa = PBXBuildFile; fileRef = 6C9FB9911C185BE600725C02 /* CSLChatroomViewController.m */; };
		6C9FB9B61C185BE700725C02 /* CSLChatroomViewController.xib in Resources */ = {isa = PBXBuildFile; fileRef = 6C9FB9921C185BE600725C02 /* CSLChatroomViewController.xib */; };
		6C9FB9B71C185BE700725C02 /* CSLToolViewController.m in Sources */ = {isa = PBXBuildFile; fileRef = 6C9FB9951C185BE600725C02 /* CSLToolViewController.m */; };
		6C9FB9B81C185BE700725C02 /* CSLToolViewController.xib in Resources */ = {isa = PBXBuildFile; fileRef = 6C9FB9961C185BE600725C02 /* CSLToolViewController.xib */; };
		6C9FB9B91C185BE700725C02 /* CSLBaseViewController.m in Sources */ = {isa = PBXBuildFile; fileRef = 6C9FB9981C185BE600725C02 /* CSLBaseViewController.m */; };
		6C9FB9BC1C185BE700725C02 /* chatroom@2x.png in Resources */ = {isa = PBXBuildFile; fileRef = 6C9FB99F1C185BE600725C02 /* chatroom@2x.png */; };
		6C9FB9BD1C185BE700725C02 /* health.png in Resources */ = {isa = PBXBuildFile; fileRef = 6C9FB9A01C185BE600725C02 /* health.png */; };
		6C9FB9BE1C185BE700725C02 /* tool.png in Resources */ = {isa = PBXBuildFile; fileRef = 6C9FB9A11C185BE600725C02 /* tool.png */; };
		6C9FB9BF1C185BE700725C02 /* express.png in Resources */ = {isa = PBXBuildFile; fileRef = 6C9FB9A31C185BE700725C02 /* express.png */; };
		6C9FB9C01C185BE700725C02 /* flashlight.png in Resources */ = {isa = PBXBuildFile; fileRef = 6C9FB9A41C185BE700725C02 /* flashlight.png */; };
		6C9FB9C11C185BE700725C02 /* twodemention.jpg in Resources */ = {isa = PBXBuildFile; fileRef = 6C9FB9A51C185BE700725C02 /* twodemention.jpg */; };
		6C9FB9C21C185BE700725C02 /* CSLTabBarController.m in Sources */ = {isa = PBXBuildFile; fileRef = 6C9FB9A81C185BE700725C02 /* CSLTabBarController.m */; };
		6C9FB9C31C185BE700725C02 /* QRCameraSwitchButton.m in Sources */ = {isa = PBXBuildFile; fileRef = 6C9FB9AB1C185BE700725C02 /* QRCameraSwitchButton.m */; };
		6C9FB9C41C185BE700725C02 /* QRCodeReader.m in Sources */ = {isa = PBXBuildFile; fileRef = 6C9FB9AD1C185BE700725C02 /* QRCodeReader.m */; };
		6C9FB9C51C185BE700725C02 /* QRCodeReaderView.m in Sources */ = {isa = PBXBuildFile; fileRef = 6C9FB9B01C185BE700725C02 /* QRCodeReaderView.m */; };
		6C9FB9C61C185BE700725C02 /* QRCodeReaderViewController.m in Sources */ = {isa = PBXBuildFile; fileRef = 6C9FB9B21C185BE700725C02 /* QRCodeReaderViewController.m */; };
		6C9FB9C71C185BE700725C02 /* QRToggleTorchButton.m in Sources */ = {isa = PBXBuildFile; fileRef = 6C9FB9B41C185BE700725C02 /* QRToggleTorchButton.m */; };
		6C9FB9CC1C185C2700725C02 /* Localizable.strings in Resources */ = {isa = PBXBuildFile; fileRef = 6C9FB9CE1C185C2700725C02 /* Localizable.strings */; };
		6C9FB9D11C185C4D00725C02 /* AppDelegate.mm in Sources */ = {isa = PBXBuildFile; fileRef = 6C9FB9D01C185C4D00725C02 /* AppDelegate.mm */; };
		6CA8F6551C20F73C00FC1BA9 /* drugshop.png in Resources */ = {isa = PBXBuildFile; fileRef = 6CA8F6541C20F73C00FC1BA9 /* drugshop.png */; };
		6CA8F6591C2112D700FC1BA9 /* CSLShopDetailViewController.m in Sources */ = {isa = PBXBuildFile; fileRef = 6CA8F6571C2112D700FC1BA9 /* CSLShopDetailViewController.m */; };
		6CA8F65A1C2112D700FC1BA9 /* CSLShopDetailViewController.xib in Resources */ = {isa = PBXBuildFile; fileRef = 6CA8F6581C2112D700FC1BA9 /* CSLShopDetailViewController.xib */; };
		6CA8F65C1C213E7C00FC1BA9 /* arrow_right@2x.png in Resources */ = {isa = PBXBuildFile; fileRef = 6CA8F65B1C213E7C00FC1BA9 /* arrow_right@2x.png */; };
		6CA8F65E1C21417100FC1BA9 /* location.png in Resources */ = {isa = PBXBuildFile; fileRef = 6CA8F65D1C21417100FC1BA9 /* location.png */; };
		6CA8F6611C21691A00FC1BA9 /* CSLFlashlightViewController.m in Sources */ = {isa = PBXBuildFile; fileRef = 6CA8F6601C21691A00FC1BA9 /* CSLFlashlightViewController.m */; };
		6CB503C01C185ACE0026891F /* main.m in Sources */ = {isa = PBXBuildFile; fileRef = 6CB503BF1C185ACE0026891F /* main.m */; };
		6CB503C91C185ACE0026891F /* Main.storyboard in Resources */ = {isa = PBXBuildFile; fileRef = 6CB503C71C185ACE0026891F /* Main.storyboard */; };
		6CB503CB1C185ACE0026891F /* Assets.xcassets in Resources */ = {isa = PBXBuildFile; fileRef = 6CB503CA1C185ACE0026891F /* Assets.xcassets */; };
		6CB503CE1C185ACE0026891F /* LaunchScreen.storyboard in Resources */ = {isa = PBXBuildFile; fileRef = 6CB503CC1C185ACE0026891F /* LaunchScreen.storyboard */; };
		6CB9EBA71C1FEDD6006C64F0 /* FMDatabase.m in Sources */ = {isa = PBXBuildFile; fileRef = 6CB9EB9D1C1FEDD6006C64F0 /* FMDatabase.m */; };
		6CB9EBA81C1FEDD6006C64F0 /* FMDatabaseAdditions.m in Sources */ = {isa = PBXBuildFile; fileRef = 6CB9EB9F1C1FEDD6006C64F0 /* FMDatabaseAdditions.m */; };
		6CB9EBA91C1FEDD6006C64F0 /* FMDatabasePool.m in Sources */ = {isa = PBXBuildFile; fileRef = 6CB9EBA11C1FEDD6006C64F0 /* FMDatabasePool.m */; };
		6CB9EBAA1C1FEDD6006C64F0 /* FMDatabaseQueue.m in Sources */ = {isa = PBXBuildFile; fileRef = 6CB9EBA31C1FEDD6006C64F0 /* FMDatabaseQueue.m */; };
		6CB9EBAB1C1FEDD6006C64F0 /* FMResultSet.m in Sources */ = {isa = PBXBuildFile; fileRef = 6CB9EBA61C1FEDD6006C64F0 /* FMResultSet.m */; };
		6CB9EBC61C1FEDDF006C64F0 /* JSONModel.m in Sources */ = {isa = PBXBuildFile; fileRef = 6CB9EBAF1C1FEDDF006C64F0 /* JSONModel.m */; };
		6CB9EBC71C1FEDDF006C64F0 /* JSONModelArray.m in Sources */ = {isa = PBXBuildFile; fileRef = 6CB9EBB11C1FEDDF006C64F0 /* JSONModelArray.m */; };
		6CB9EBC81C1FEDDF006C64F0 /* JSONModelClassProperty.m in Sources */ = {isa = PBXBuildFile; fileRef = 6CB9EBB31C1FEDDF006C64F0 /* JSONModelClassProperty.m */; };
		6CB9EBC91C1FEDDF006C64F0 /* JSONModelError.m in Sources */ = {isa = PBXBuildFile; fileRef = 6CB9EBB51C1FEDDF006C64F0 /* JSONModelError.m */; };
		6CB9EBCA1C1FEDDF006C64F0 /* NSArray+JSONModel.m in Sources */ = {isa = PBXBuildFile; fileRef = 6CB9EBB81C1FEDDF006C64F0 /* NSArray+JSONModel.m */; };
		6CB9EBCB1C1FEDDF006C64F0 /* JSONAPI.m in Sources */ = {isa = PBXBuildFile; fileRef = 6CB9EBBC1C1FEDDF006C64F0 /* JSONAPI.m */; };
		6CB9EBCC1C1FEDDF006C64F0 /* JSONHTTPClient.m in Sources */ = {isa = PBXBuildFile; fileRef = 6CB9EBBE1C1FEDDF006C64F0 /* JSONHTTPClient.m */; };
		6CB9EBCD1C1FEDDF006C64F0 /* JSONModel+networking.m in Sources */ = {isa = PBXBuildFile; fileRef = 6CB9EBC01C1FEDDF006C64F0 /* JSONModel+networking.m */; };
		6CB9EBCE1C1FEDDF006C64F0 /* JSONKeyMapper.m in Sources */ = {isa = PBXBuildFile; fileRef = 6CB9EBC31C1FEDDF006C64F0 /* JSONKeyMapper.m */; };
		6CB9EBCF1C1FEDDF006C64F0 /* JSONValueTransformer.m in Sources */ = {isa = PBXBuildFile; fileRef = 6CB9EBC51C1FEDDF006C64F0 /* JSONValueTransformer.m */; };
		6CB9EBD21C1FEE3F006C64F0 /* libsqlite3.tbd in Frameworks */ = {isa = PBXBuildFile; fileRef = 6CB9EBD11C1FEE3E006C64F0 /* libsqlite3.tbd */; };
		6CB9EBD41C1FEF3F006C64F0 /* AdSupport.framework in Frameworks */ = {isa = PBXBuildFile; fileRef = 6CB9EBD31C1FEF3F006C64F0 /* AdSupport.framework */; };
		6CB9EBD61C1FEF4D006C64F0 /* CoreTelephony.framework in Frameworks */ = {isa = PBXBuildFile; fileRef = 6CB9EBD51C1FEF4D006C64F0 /* CoreTelephony.framework */; };
		6CB9EBDA1C1FF0D0006C64F0 /* CSLDataBase.m in Sources */ = {isa = PBXBuildFile; fileRef = 6CB9EBD91C1FF0D0006C64F0 /* CSLDataBase.m */; };
		6CB9EBE21C1FF145006C64F0 /* CSLPositionModel.m in Sources */ = {isa = PBXBuildFile; fileRef = 6CB9EBDD1C1FF145006C64F0 /* CSLPositionModel.m */; };
		6CB9EBE31C1FF145006C64F0 /* CSLShopInfoModel.m in Sources */ = {isa = PBXBuildFile; fileRef = 6CB9EBDF1C1FF145006C64F0 /* CSLShopInfoModel.m */; };
		6CB9EBE41C1FF145006C64F0 /* CSLShopListModel.m in Sources */ = {isa = PBXBuildFile; fileRef = 6CB9EBE11C1FF145006C64F0 /* CSLShopListModel.m */; };
		6CB9EBEB1C1FF247006C64F0 /* JuheApisSDK.a in Frameworks */ = {isa = PBXBuildFile; fileRef = 6CB9EBEA1C1FF247006C64F0 /* JuheApisSDK.a */; };
		6CB9EBED1C1FF2BF006C64F0 /* libc++.tbd in Frameworks */ = {isa = PBXBuildFile; fileRef = 6CB9EBEC1C1FF2BF006C64F0 /* libc++.tbd */; };
		6CB9EBF11C1FF657006C64F0 /* CSLHealthViewController.m in Sources */ = {isa = PBXBuildFile; fileRef = 6CB9EBEF1C1FF657006C64F0 /* CSLHealthViewController.m */; };
		6CB9EBF21C1FF657006C64F0 /* CSLHealthViewController.xib in Resources */ = {isa = PBXBuildFile; fileRef = 6CB9EBF01C1FF657006C64F0 /* CSLHealthViewController.xib */; };
		6CB9EBF71C200E58006C64F0 /* CSLShopListCell.m in Sources */ = {isa = PBXBuildFile; fileRef = 6CB9EBF51C200E57006C64F0 /* CSLShopListCell.m */; };
		6CB9EBF81C200E58006C64F0 /* CSLShopListCell.xib in Resources */ = {isa = PBXBuildFile; fileRef = 6CB9EBF61C200E57006C64F0 /* CSLShopListCell.xib */; };
		6CB9EC261C202CF8006C64F0 /* MJRefreshAutoFooter.m in Sources */ = {isa = PBXBuildFile; fileRef = 6CB9EBFC1C202CF7006C64F0 /* MJRefreshAutoFooter.m */; };
		6CB9EC271C202CF8006C64F0 /* MJRefreshBackFooter.m in Sources */ = {isa = PBXBuildFile; fileRef = 6CB9EBFE1C202CF7006C64F0 /* MJRefreshBackFooter.m */; };
		6CB9EC281C202CF8006C64F0 /* MJRefreshComponent.m in Sources */ = {isa = PBXBuildFile; fileRef = 6CB9EC001C202CF7006C64F0 /* MJRefreshComponent.m */; };
		6CB9EC291C202CF8006C64F0 /* MJRefreshFooter.m in Sources */ = {isa = PBXBuildFile; fileRef = 6CB9EC021C202CF7006C64F0 /* MJRefreshFooter.m */; };
		6CB9EC2A1C202CF8006C64F0 /* MJRefreshHeader.m in Sources */ = {isa = PBXBuildFile; fileRef = 6CB9EC041C202CF7006C64F0 /* MJRefreshHeader.m */; };
		6CB9EC2B1C202CF8006C64F0 /* MJRefreshAutoGifFooter.m in Sources */ = {isa = PBXBuildFile; fileRef = 6CB9EC091C202CF7006C64F0 /* MJRefreshAutoGifFooter.m */; };
		6CB9EC2C1C202CF8006C64F0 /* MJRefreshAutoNormalFooter.m in Sources */ = {isa = PBXBuildFile; fileRef = 6CB9EC0B1C202CF7006C64F0 /* MJRefreshAutoNormalFooter.m */; };
		6CB9EC2D1C202CF8006C64F0 /* MJRefreshAutoStateFooter.m in Sources */ = {isa = PBXBuildFile; fileRef = 6CB9EC0D1C202CF7006C64F0 /* MJRefreshAutoStateFooter.m */; };
		6CB9EC2E1C202CF8006C64F0 /* MJRefreshBackGifFooter.m in Sources */ = {isa = PBXBuildFile; fileRef = 6CB9EC101C202CF7006C64F0 /* MJRefreshBackGifFooter.m */; };
		6CB9EC2F1C202CF8006C64F0 /* MJRefreshBackNormalFooter.m in Sources */ = {isa = PBXBuildFile; fileRef = 6CB9EC121C202CF7006C64F0 /* MJRefreshBackNormalFooter.m */; };
		6CB9EC301C202CF8006C64F0 /* MJRefreshBackStateFooter.m in Sources */ = {isa = PBXBuildFile; fileRef = 6CB9EC141C202CF7006C64F0 /* MJRefreshBackStateFooter.m */; };
		6CB9EC311C202CF8006C64F0 /* MJRefreshGifHeader.m in Sources */ = {isa = PBXBuildFile; fileRef = 6CB9EC171C202CF7006C64F0 /* MJRefreshGifHeader.m */; };
		6CB9EC321C202CF8006C64F0 /* MJRefreshNormalHeader.m in Sources */ = {isa = PBXBuildFile; fileRef = 6CB9EC191C202CF7006C64F0 /* MJRefreshNormalHeader.m */; };
		6CB9EC331C202CF8006C64F0 /* MJRefreshStateHeader.m in Sources */ = {isa = PBXBuildFile; fileRef = 6CB9EC1B1C202CF7006C64F0 /* MJRefreshStateHeader.m */; };
		6CB9EC341C202CF8006C64F0 /* MJRefresh.bundle in Resources */ = {isa = PBXBuildFile; fileRef = 6CB9EC1C1C202CF7006C64F0 /* MJRefresh.bundle */; };
		6CB9EC351C202CF8006C64F0 /* MJRefreshConst.m in Sources */ = {isa = PBXBuildFile; fileRef = 6CB9EC1F1C202CF7006C64F0 /* MJRefreshConst.m */; };
		6CB9EC361C202CF8006C64F0 /* UIScrollView+MJExtension.m in Sources */ = {isa = PBXBuildFile; fileRef = 6CB9EC211C202CF7006C64F0 /* UIScrollView+MJExtension.m */; };
		6CB9EC371C202CF8006C64F0 /* UIScrollView+MJRefresh.m in Sources */ = {isa = PBXBuildFile; fileRef = 6CB9EC231C202CF7006C64F0 /* UIScrollView+MJRefresh.m */; };
		6CB9EC381C202CF8006C64F0 /* UIView+MJExtension.m in Sources */ = {isa = PBXBuildFile; fileRef = 6CB9EC251C202CF8006C64F0 /* UIView+MJExtension.m */; };
		6CB9EC3C1C20339E006C64F0 /* MBProgressHUD.m in Sources */ = {isa = PBXBuildFile; fileRef = 6CB9EC3B1C20339E006C64F0 /* MBProgressHUD.m */; };
		6CD178181C22CF0900E6DE32 /* CSLDrugListModel.m in Sources */ = {isa = PBXBuildFile; fileRef = 6CD178171C22CF0900E6DE32 /* CSLDrugListModel.m */; };
		6CD1781C1C22D8A900E6DE32 /* CSLDrugListCell.m in Sources */ = {isa = PBXBuildFile; fileRef = 6CD1781A1C22D8A900E6DE32 /* CSLDrugListCell.m */; };
		6CD1781D1C22D8A900E6DE32 /* CSLDrugListCell.xib in Resources */ = {isa = PBXBuildFile; fileRef = 6CD1781B1C22D8A900E6DE32 /* CSLDrugListCell.xib */; };
		6CD178211C22DFFC00E6DE32 /* CSLDrugDetailController.m in Sources */ = {isa = PBXBuildFile; fileRef = 6CD1781F1C22DFFC00E6DE32 /* CSLDrugDetailController.m */; };
		6CEE38A01C2191FE0077291F /* SCNavTabBar.bundle in Resources */ = {isa = PBXBuildFile; fileRef = 6CEE38971C2191FE0077291F /* SCNavTabBar.bundle */; };
		6CEE38A11C2191FE0077291F /* SCNavTabBarController.m in Sources */ = {isa = PBXBuildFile; fileRef = 6CEE389A1C2191FE0077291F /* SCNavTabBarController.m */; };
		6CEE38A21C2191FE0077291F /* SCNavTabBar.m in Sources */ = {isa = PBXBuildFile; fileRef = 6CEE389D1C2191FE0077291F /* SCNavTabBar.m */; };
		6CEE38A31C2191FE0077291F /* SCPopView.m in Sources */ = {isa = PBXBuildFile; fileRef = 6CEE389F1C2191FE0077291F /* SCPopView.m */; };
		6CEE38A61C21924D0077291F /* CSLHealthMainController.m in Sources */ = {isa = PBXBuildFile; fileRef = 6CEE38A51C21924D0077291F /* CSLHealthMainController.m */; };
		6CF5C1031C24FB500086FCC6 /* CSLVocabularyController.m in Sources */ = {isa = PBXBuildFile; fileRef = 6CF5C1021C24FB500086FCC6 /* CSLVocabularyController.m */; };
		6CF5C1051C24FBE90086FCC6 /* CSLVocabularyController.xib in Resources */ = {isa = PBXBuildFile; fileRef = 6CF5C1041C24FBE90086FCC6 /* CSLVocabularyController.xib */; };
		6CF5C1091C2540A70086FCC6 /* cSLVocabularyModel.m in Sources */ = {isa = PBXBuildFile; fileRef = 6CF5C1081C2540A70086FCC6 /* cSLVocabularyModel.m */; };
		6CFD58A71C21A616000B262D /* CSLDrugListViewController.m in Sources */ = {isa = PBXBuildFile; fileRef = 6CFD58A51C21A616000B262D /* CSLDrugListViewController.m */; };
		6CFD58A81C21A616000B262D /* CSLDrugListViewController.xib in Resources */ = {isa = PBXBuildFile; fileRef = 6CFD58A61C21A616000B262D /* CSLDrugListViewController.xib */; };
		6CFD58AC1C21A75C000B262D /* CSLDrugTypeViewController.m in Sources */ = {isa = PBXBuildFile; fileRef = 6CFD58AA1C21A75C000B262D /* CSLDrugTypeViewController.m */; };
		6CFD58AD1C21A75C000B262D /* CSLDrugTypeViewController.xib in Resources */ = {isa = PBXBuildFile; fileRef = 6CFD58AB1C21A75C000B262D /* CSLDrugTypeViewController.xib */; };
		6CFD58B31C21AA45000B262D /* CSLDrugTypeLeftController.m in Sources */ = {isa = PBXBuildFile; fileRef = 6CFD58B11C21AA45000B262D /* CSLDrugTypeLeftController.m */; };
		6CFD58B61C21AD26000B262D /* CSLDrugTypeLeftController.xib in Resources */ = {isa = PBXBuildFile; fileRef = 6CFD58B51C21AD26000B262D /* CSLDrugTypeLeftController.xib */; };
		6CFD58B91C21AF48000B262D /* CSLDrugTypeModel.m in Sources */ = {isa = PBXBuildFile; fileRef = 6CFD58B81C21AF48000B262D /* CSLDrugTypeModel.m */; };
		6CFD58BD1C21AFF5000B262D /* CSLDrugTypeDetailViewController.m in Sources */ = {isa = PBXBuildFile; fileRef = 6CFD58BB1C21AFF5000B262D /* CSLDrugTypeDetailViewController.m */; };
		6CFD58BE1C21AFF5000B262D /* CSLDrugTypeDetailViewController.xib in Resources */ = {isa = PBXBuildFile; fileRef = 6CFD58BC1C21AFF5000B262D /* CSLDrugTypeDetailViewController.xib */; };
		9D597E1D483010A03B8813F6 /* libPods.a in Frameworks */ = {isa = PBXBuildFile; fileRef = BDC7C3E36C06637BB62B476B /* libPods.a */; };
/* End PBXBuildFile section */

/* Begin PBXFileReference section */
		6C6D47CB1C18617900B80FB6 /* CSLScanViewController.h */ = {isa = PBXFileReference; fileEncoding = 4; lastKnownFileType = sourcecode.c.h; path = CSLScanViewController.h; sourceTree = "<group>"; };
		6C6D47CC1C18617900B80FB6 /* CSLScanViewController.m */ = {isa = PBXFileReference; fileEncoding = 4; lastKnownFileType = sourcecode.c.objc; path = CSLScanViewController.m; sourceTree = "<group>"; };
		6C6D47CE1C18833600B80FB6 /* Auxiliary.h */ = {isa = PBXFileReference; fileEncoding = 4; lastKnownFileType = sourcecode.c.h; path = Auxiliary.h; sourceTree = "<group>"; };
		6C6D47CF1C18833600B80FB6 /* Auxiliary.m */ = {isa = PBXFileReference; fileEncoding = 4; lastKnownFileType = sourcecode.c.objc; path = Auxiliary.m; sourceTree = "<group>"; };
		6C73E4541C238E5E00B674E9 /* Base */ = {isa = PBXFileReference; lastKnownFileType = file.xib; name = Base; path = drug/Base.lproj/CSLDrugDetailController.xib; sourceTree = "<group>"; };
		6C73E4551C238E6F00B674E9 /* zh-Hans */ = {isa = PBXFileReference; lastKnownFileType = text.plist.strings; name = "zh-Hans"; path = "drug/zh-Hans.lproj/CSLDrugDetailController.strings"; sourceTree = "<group>"; };
		6C73E4571C238E7200B674E9 /* en */ = {isa = PBXFileReference; lastKnownFileType = text.plist.strings; name = en; path = drug/en.lproj/CSLDrugDetailController.strings; sourceTree = "<group>"; };
		6C73E4581C23B88E00B674E9 /* CSLDrugDetailCell.h */ = {isa = PBXFileReference; fileEncoding = 4; lastKnownFileType = sourcecode.c.h; name = CSLDrugDetailCell.h; path = view/CSLDrugDetailCell.h; sourceTree = "<group>"; };
		6C73E4591C23B88E00B674E9 /* CSLDrugDetailCell.m */ = {isa = PBXFileReference; fileEncoding = 4; lastKnownFileType = sourcecode.c.objc; name = CSLDrugDetailCell.m; path = view/CSLDrugDetailCell.m; sourceTree = "<group>"; };
		6C73E45A1C23B88E00B674E9 /* CSLDrugDetailCell.xib */ = {isa = PBXFileReference; fileEncoding = 4; lastKnownFileType = file.xib; name = CSLDrugDetailCell.xib; path = view/CSLDrugDetailCell.xib; sourceTree = "<group>"; };
		6C73E4601C23E36D00B674E9 /* NSObject+perpoty.h */ = {isa = PBXFileReference; fileEncoding = 4; lastKnownFileType = sourcecode.c.h; path = "NSObject+perpoty.h"; sourceTree = "<group>"; };
		6C73E4611C23E36D00B674E9 /* NSObject+perpoty.m */ = {isa = PBXFileReference; fileEncoding = 4; lastKnownFileType = sourcecode.c.objc; path = "NSObject+perpoty.m"; sourceTree = "<group>"; };
		6C93F0C81C19246B007BA2B0 /* CSLExpressViewController.h */ = {isa = PBXFileReference; fileEncoding = 4; lastKnownFileType = sourcecode.c.h; path = CSLExpressViewController.h; sourceTree = "<group>"; };
		6C93F0C91C19246B007BA2B0 /* CSLExpressViewController.m */ = {isa = PBXFileReference; fileEncoding = 4; lastKnownFileType = sourcecode.c.objc; path = CSLExpressViewController.m; sourceTree = "<group>"; };
		6C93F0CA1C19246B007BA2B0 /* CSLExpressViewController.xib */ = {isa = PBXFileReference; fileEncoding = 4; lastKnownFileType = file.xib; path = CSLExpressViewController.xib; sourceTree = "<group>"; };
		6C93F0CD1C192513007BA2B0 /* CSLConstant.h */ = {isa = PBXFileReference; fileEncoding = 4; lastKnownFileType = sourcecode.c.h; path = CSLConstant.h; sourceTree = "<group>"; };
		6C93F0CE1C1925D1007BA2B0 /* CSLNetRequest.h */ = {isa = PBXFileReference; fileEncoding = 4; lastKnownFileType = sourcecode.c.h; path = CSLNetRequest.h; sourceTree = "<group>"; };
		6C93F0CF1C1925D1007BA2B0 /* CSLNetRequest.m */ = {isa = PBXFileReference; fileEncoding = 4; lastKnownFileType = sourcecode.c.objc; path = CSLNetRequest.m; sourceTree = "<group>"; };
		6C93F0D11C195B72007BA2B0 /* CSLDownListView.h */ = {isa = PBXFileReference; fileEncoding = 4; lastKnownFileType = sourcecode.c.h; path = CSLDownListView.h; sourceTree = "<group>"; };
		6C93F0D21C195B72007BA2B0 /* CSLDownListView.m */ = {isa = PBXFileReference; fileEncoding = 4; lastKnownFileType = sourcecode.c.objc; path = CSLDownListView.m; sourceTree = "<group>"; };
		6C9FB9901C185BE600725C02 /* CSLChatroomViewController.h */ = {isa = PBXFileReference; fileEncoding = 4; lastKnownFileType = sourcecode.c.h; path = CSLChatroomViewController.h; sourceTree = "<group>"; };
		6C9FB9911C185BE600725C02 /* CSLChatroomViewController.m */ = {isa = PBXFileReference; fileEncoding = 4; lastKnownFileType = sourcecode.c.objc; path = CSLChatroomViewController.m; sourceTree = "<group>"; };
		6C9FB9921C185BE600725C02 /* CSLChatroomViewController.xib */ = {isa = PBXFileReference; fileEncoding = 4; lastKnownFileType = file.xib; path = CSLChatroomViewController.xib; sourceTree = "<group>"; };
		6C9FB9941C185BE600725C02 /* CSLToolViewController.h */ = {isa = PBXFileReference; fileEncoding = 4; lastKnownFileType = sourcecode.c.h; path = CSLToolViewController.h; sourceTree = "<group>"; };
		6C9FB9951C185BE600725C02 /* CSLToolViewController.m */ = {isa = PBXFileReference; fileEncoding = 4; lastKnownFileType = sourcecode.c.objc; path = CSLToolViewController.m; sourceTree = "<group>"; };
		6C9FB9961C185BE600725C02 /* CSLToolViewController.xib */ = {isa = PBXFileReference; fileEncoding = 4; lastKnownFileType = file.xib; path = CSLToolViewController.xib; sourceTree = "<group>"; };
		6C9FB9971C185BE600725C02 /* CSLBaseViewController.h */ = {isa = PBXFileReference; fileEncoding = 4; lastKnownFileType = sourcecode.c.h; path = CSLBaseViewController.h; sourceTree = "<group>"; };
		6C9FB9981C185BE600725C02 /* CSLBaseViewController.m */ = {isa = PBXFileReference; fileEncoding = 4; lastKnownFileType = sourcecode.c.objc; path = CSLBaseViewController.m; sourceTree = "<group>"; };
		6C9FB99F1C185BE600725C02 /* chatroom@2x.png */ = {isa = PBXFileReference; lastKnownFileType = image.png; path = "chatroom@2x.png"; sourceTree = "<group>"; };
		6C9FB9A01C185BE600725C02 /* health.png */ = {isa = PBXFileReference; lastKnownFileType = image.png; path = health.png; sourceTree = "<group>"; };
		6C9FB9A11C185BE600725C02 /* tool.png */ = {isa = PBXFileReference; lastKnownFileType = image.png; path = tool.png; sourceTree = "<group>"; };
		6C9FB9A31C185BE700725C02 /* express.png */ = {isa = PBXFileReference; lastKnownFileType = image.png; path = express.png; sourceTree = "<group>"; };
		6C9FB9A41C185BE700725C02 /* flashlight.png */ = {isa = PBXFileReference; lastKnownFileType = image.png; path = flashlight.png; sourceTree = "<group>"; };
		6C9FB9A51C185BE700725C02 /* twodemention.jpg */ = {isa = PBXFileReference; lastKnownFileType = image.jpeg; path = twodemention.jpg; sourceTree = "<group>"; };
		6C9FB9A71C185BE700725C02 /* CSLTabBarController.h */ = {isa = PBXFileReference; fileEncoding = 4; lastKnownFileType = sourcecode.c.h; path = CSLTabBarController.h; sourceTree = "<group>"; };
		6C9FB9A81C185BE700725C02 /* CSLTabBarController.m */ = {isa = PBXFileReference; fileEncoding = 4; lastKnownFileType = sourcecode.c.objc; path = CSLTabBarController.m; sourceTree = "<group>"; };
		6C9FB9AA1C185BE700725C02 /* QRCameraSwitchButton.h */ = {isa = PBXFileReference; fileEncoding = 4; lastKnownFileType = sourcecode.c.h; path = QRCameraSwitchButton.h; sourceTree = "<group>"; };
		6C9FB9AB1C185BE700725C02 /* QRCameraSwitchButton.m */ = {isa = PBXFileReference; fileEncoding = 4; lastKnownFileType = sourcecode.c.objc; path = QRCameraSwitchButton.m; sourceTree = "<group>"; };
		6C9FB9AC1C185BE700725C02 /* QRCodeReader.h */ = {isa = PBXFileReference; fileEncoding = 4; lastKnownFileType = sourcecode.c.h; path = QRCodeReader.h; sourceTree = "<group>"; };
		6C9FB9AD1C185BE700725C02 /* QRCodeReader.m */ = {isa = PBXFileReference; fileEncoding = 4; lastKnownFileType = sourcecode.c.objc; path = QRCodeReader.m; sourceTree = "<group>"; };
		6C9FB9AE1C185BE700725C02 /* QRCodeReaderDelegate.h */ = {isa = PBXFileReference; fileEncoding = 4; lastKnownFileType = sourcecode.c.h; path = QRCodeReaderDelegate.h; sourceTree = "<group>"; };
		6C9FB9AF1C185BE700725C02 /* QRCodeReaderView.h */ = {isa = PBXFileReference; fileEncoding = 4; lastKnownFileType = sourcecode.c.h; path = QRCodeReaderView.h; sourceTree = "<group>"; };
		6C9FB9B01C185BE700725C02 /* QRCodeReaderView.m */ = {isa = PBXFileReference; fileEncoding = 4; lastKnownFileType = sourcecode.c.objc; path = QRCodeReaderView.m; sourceTree = "<group>"; };
		6C9FB9B11C185BE700725C02 /* QRCodeReaderViewController.h */ = {isa = PBXFileReference; fileEncoding = 4; lastKnownFileType = sourcecode.c.h; path = QRCodeReaderViewController.h; sourceTree = "<group>"; };
		6C9FB9B21C185BE700725C02 /* QRCodeReaderViewController.m */ = {isa = PBXFileReference; fileEncoding = 4; lastKnownFileType = sourcecode.c.objc; path = QRCodeReaderViewController.m; sourceTree = "<group>"; };
		6C9FB9B31C185BE700725C02 /* QRToggleTorchButton.h */ = {isa = PBXFileReference; fileEncoding = 4; lastKnownFileType = sourcecode.c.h; path = QRToggleTorchButton.h; sourceTree = "<group>"; };
		6C9FB9B41C185BE700725C02 /* QRToggleTorchButton.m */ = {isa = PBXFileReference; fileEncoding = 4; lastKnownFileType = sourcecode.c.objc; path = QRToggleTorchButton.m; sourceTree = "<group>"; };
		6C9FB9C81C185BFE00725C02 /* zh-Hans */ = {isa = PBXFileReference; lastKnownFileType = text.plist.strings; name = "zh-Hans"; path = "zh-Hans.lproj/Main.strings"; sourceTree = "<group>"; };
		6C9FB9C91C185BFE00725C02 /* zh-Hans */ = {isa = PBXFileReference; lastKnownFileType = text.plist.strings; name = "zh-Hans"; path = "zh-Hans.lproj/LaunchScreen.strings"; sourceTree = "<group>"; };
		6C9FB9CD1C185C2700725C02 /* zh-Hans */ = {isa = PBXFileReference; lastKnownFileType = text.plist.strings; name = "zh-Hans"; path = "zh-Hans.lproj/Localizable.strings"; sourceTree = "<group>"; };
		6C9FB9CF1C185C2900725C02 /* en */ = {isa = PBXFileReference; lastKnownFileType = text.plist.strings; name = en; path = en.lproj/Localizable.strings; sourceTree = "<group>"; };
		6C9FB9D01C185C4D00725C02 /* AppDelegate.mm */ = {isa = PBXFileReference; fileEncoding = 4; lastKnownFileType = sourcecode.cpp.objcpp; path = AppDelegate.mm; sourceTree = "<group>"; };
		6CA8F6541C20F73C00FC1BA9 /* drugshop.png */ = {isa = PBXFileReference; lastKnownFileType = image.png; path = drugshop.png; sourceTree = "<group>"; };
		6CA8F6561C2112D700FC1BA9 /* CSLShopDetailViewController.h */ = {isa = PBXFileReference; fileEncoding = 4; lastKnownFileType = sourcecode.c.h; path = CSLShopDetailViewController.h; sourceTree = "<group>"; };
		6CA8F6571C2112D700FC1BA9 /* CSLShopDetailViewController.m */ = {isa = PBXFileReference; fileEncoding = 4; lastKnownFileType = sourcecode.c.objc; path = CSLShopDetailViewController.m; sourceTree = "<group>"; };
		6CA8F6581C2112D700FC1BA9 /* CSLShopDetailViewController.xib */ = {isa = PBXFileReference; fileEncoding = 4; lastKnownFileType = file.xib; path = CSLShopDetailViewController.xib; sourceTree = "<group>"; };
		6CA8F65B1C213E7C00FC1BA9 /* arrow_right@2x.png */ = {isa = PBXFileReference; lastKnownFileType = image.png; path = "arrow_right@2x.png"; sourceTree = "<group>"; };
		6CA8F65D1C21417100FC1BA9 /* location.png */ = {isa = PBXFileReference; lastKnownFileType = image.png; path = location.png; sourceTree = "<group>"; };
		6CA8F65F1C21691A00FC1BA9 /* CSLFlashlightViewController.h */ = {isa = PBXFileReference; fileEncoding = 4; lastKnownFileType = sourcecode.c.h; path = CSLFlashlightViewController.h; sourceTree = "<group>"; };
		6CA8F6601C21691A00FC1BA9 /* CSLFlashlightViewController.m */ = {isa = PBXFileReference; fileEncoding = 4; lastKnownFileType = sourcecode.c.objc; path = CSLFlashlightViewController.m; sourceTree = "<group>"; };
		6CB503BB1C185ACE0026891F /* LiveAssistant.app */ = {isa = PBXFileReference; explicitFileType = wrapper.application; includeInIndex = 0; path = LiveAssistant.app; sourceTree = BUILT_PRODUCTS_DIR; };
		6CB503BF1C185ACE0026891F /* main.m */ = {isa = PBXFileReference; lastKnownFileType = sourcecode.c.objc; path = main.m; sourceTree = "<group>"; };
		6CB503C11C185ACE0026891F /* AppDelegate.h */ = {isa = PBXFileReference; lastKnownFileType = sourcecode.c.h; path = AppDelegate.h; sourceTree = "<group>"; };
		6CB503C81C185ACE0026891F /* Base */ = {isa = PBXFileReference; lastKnownFileType = file.storyboard; name = Base; path = Base.lproj/Main.storyboard; sourceTree = "<group>"; };
		6CB503CA1C185ACE0026891F /* Assets.xcassets */ = {isa = PBXFileReference; lastKnownFileType = folder.assetcatalog; path = Assets.xcassets; sourceTree = "<group>"; };
		6CB503CD1C185ACE0026891F /* Base */ = {isa = PBXFileReference; lastKnownFileType = file.storyboard; name = Base; path = Base.lproj/LaunchScreen.storyboard; sourceTree = "<group>"; };
		6CB503CF1C185ACE0026891F /* Info.plist */ = {isa = PBXFileReference; lastKnownFileType = text.plist.xml; path = Info.plist; sourceTree = "<group>"; };
		6CB9EB9C1C1FEDD6006C64F0 /* FMDatabase.h */ = {isa = PBXFileReference; fileEncoding = 4; lastKnownFileType = sourcecode.c.h; path = FMDatabase.h; sourceTree = "<group>"; };
		6CB9EB9D1C1FEDD6006C64F0 /* FMDatabase.m */ = {isa = PBXFileReference; fileEncoding = 4; lastKnownFileType = sourcecode.c.objc; path = FMDatabase.m; sourceTree = "<group>"; };
		6CB9EB9E1C1FEDD6006C64F0 /* FMDatabaseAdditions.h */ = {isa = PBXFileReference; fileEncoding = 4; lastKnownFileType = sourcecode.c.h; path = FMDatabaseAdditions.h; sourceTree = "<group>"; };
		6CB9EB9F1C1FEDD6006C64F0 /* FMDatabaseAdditions.m */ = {isa = PBXFileReference; fileEncoding = 4; lastKnownFileType = sourcecode.c.objc; path = FMDatabaseAdditions.m; sourceTree = "<group>"; };
		6CB9EBA01C1FEDD6006C64F0 /* FMDatabasePool.h */ = {isa = PBXFileReference; fileEncoding = 4; lastKnownFileType = sourcecode.c.h; path = FMDatabasePool.h; sourceTree = "<group>"; };
		6CB9EBA11C1FEDD6006C64F0 /* FMDatabasePool.m */ = {isa = PBXFileReference; fileEncoding = 4; lastKnownFileType = sourcecode.c.objc; path = FMDatabasePool.m; sourceTree = "<group>"; };
		6CB9EBA21C1FEDD6006C64F0 /* FMDatabaseQueue.h */ = {isa = PBXFileReference; fileEncoding = 4; lastKnownFileType = sourcecode.c.h; path = FMDatabaseQueue.h; sourceTree = "<group>"; };
		6CB9EBA31C1FEDD6006C64F0 /* FMDatabaseQueue.m */ = {isa = PBXFileReference; fileEncoding = 4; lastKnownFileType = sourcecode.c.objc; path = FMDatabaseQueue.m; sourceTree = "<group>"; };
		6CB9EBA41C1FEDD6006C64F0 /* FMDB.h */ = {isa = PBXFileReference; fileEncoding = 4; lastKnownFileType = sourcecode.c.h; path = FMDB.h; sourceTree = "<group>"; };
		6CB9EBA51C1FEDD6006C64F0 /* FMResultSet.h */ = {isa = PBXFileReference; fileEncoding = 4; lastKnownFileType = sourcecode.c.h; path = FMResultSet.h; sourceTree = "<group>"; };
		6CB9EBA61C1FEDD6006C64F0 /* FMResultSet.m */ = {isa = PBXFileReference; fileEncoding = 4; lastKnownFileType = sourcecode.c.objc; path = FMResultSet.m; sourceTree = "<group>"; };
		6CB9EBAE1C1FEDDF006C64F0 /* JSONModel.h */ = {isa = PBXFileReference; fileEncoding = 4; lastKnownFileType = sourcecode.c.h; path = JSONModel.h; sourceTree = "<group>"; };
		6CB9EBAF1C1FEDDF006C64F0 /* JSONModel.m */ = {isa = PBXFileReference; fileEncoding = 4; lastKnownFileType = sourcecode.c.objc; path = JSONModel.m; sourceTree = "<group>"; };
		6CB9EBB01C1FEDDF006C64F0 /* JSONModelArray.h */ = {isa = PBXFileReference; fileEncoding = 4; lastKnownFileType = sourcecode.c.h; path = JSONModelArray.h; sourceTree = "<group>"; };
		6CB9EBB11C1FEDDF006C64F0 /* JSONModelArray.m */ = {isa = PBXFileReference; fileEncoding = 4; lastKnownFileType = sourcecode.c.objc; path = JSONModelArray.m; sourceTree = "<group>"; };
		6CB9EBB21C1FEDDF006C64F0 /* JSONModelClassProperty.h */ = {isa = PBXFileReference; fileEncoding = 4; lastKnownFileType = sourcecode.c.h; path = JSONModelClassProperty.h; sourceTree = "<group>"; };
		6CB9EBB31C1FEDDF006C64F0 /* JSONModelClassProperty.m */ = {isa = PBXFileReference; fileEncoding = 4; lastKnownFileType = sourcecode.c.objc; path = JSONModelClassProperty.m; sourceTree = "<group>"; };
		6CB9EBB41C1FEDDF006C64F0 /* JSONModelError.h */ = {isa = PBXFileReference; fileEncoding = 4; lastKnownFileType = sourcecode.c.h; path = JSONModelError.h; sourceTree = "<group>"; };
		6CB9EBB51C1FEDDF006C64F0 /* JSONModelError.m */ = {isa = PBXFileReference; fileEncoding = 4; lastKnownFileType = sourcecode.c.objc; path = JSONModelError.m; sourceTree = "<group>"; };
		6CB9EBB71C1FEDDF006C64F0 /* NSArray+JSONModel.h */ = {isa = PBXFileReference; fileEncoding = 4; lastKnownFileType = sourcecode.c.h; path = "NSArray+JSONModel.h"; sourceTree = "<group>"; };
		6CB9EBB81C1FEDDF006C64F0 /* NSArray+JSONModel.m */ = {isa = PBXFileReference; fileEncoding = 4; lastKnownFileType = sourcecode.c.objc; path = "NSArray+JSONModel.m"; sourceTree = "<group>"; };
		6CB9EBB91C1FEDDF006C64F0 /* JSONModelLib.h */ = {isa = PBXFileReference; fileEncoding = 4; lastKnownFileType = sourcecode.c.h; path = JSONModelLib.h; sourceTree = "<group>"; };
		6CB9EBBB1C1FEDDF006C64F0 /* JSONAPI.h */ = {isa = PBXFileReference; fileEncoding = 4; lastKnownFileType = sourcecode.c.h; path = JSONAPI.h; sourceTree = "<group>"; };
		6CB9EBBC1C1FEDDF006C64F0 /* JSONAPI.m */ = {isa = PBXFileReference; fileEncoding = 4; lastKnownFileType = sourcecode.c.objc; path = JSONAPI.m; sourceTree = "<group>"; };
		6CB9EBBD1C1FEDDF006C64F0 /* JSONHTTPClient.h */ = {isa = PBXFileReference; fileEncoding = 4; lastKnownFileType = sourcecode.c.h; path = JSONHTTPClient.h; sourceTree = "<group>"; };
		6CB9EBBE1C1FEDDF006C64F0 /* JSONHTTPClient.m */ = {isa = PBXFileReference; fileEncoding = 4; lastKnownFileType = sourcecode.c.objc; path = JSONHTTPClient.m; sourceTree = "<group>"; };
		6CB9EBBF1C1FEDDF006C64F0 /* JSONModel+networking.h */ = {isa = PBXFileReference; fileEncoding = 4; lastKnownFileType = sourcecode.c.h; path = "JSONModel+networking.h"; sourceTree = "<group>"; };
		6CB9EBC01C1FEDDF006C64F0 /* JSONModel+networking.m */ = {isa = PBXFileReference; fileEncoding = 4; lastKnownFileType = sourcecode.c.objc; path = "JSONModel+networking.m"; sourceTree = "<group>"; };
		6CB9EBC21C1FEDDF006C64F0 /* JSONKeyMapper.h */ = {isa = PBXFileReference; fileEncoding = 4; lastKnownFileType = sourcecode.c.h; path = JSONKeyMapper.h; sourceTree = "<group>"; };
		6CB9EBC31C1FEDDF006C64F0 /* JSONKeyMapper.m */ = {isa = PBXFileReference; fileEncoding = 4; lastKnownFileType = sourcecode.c.objc; path = JSONKeyMapper.m; sourceTree = "<group>"; };
		6CB9EBC41C1FEDDF006C64F0 /* JSONValueTransformer.h */ = {isa = PBXFileReference; fileEncoding = 4; lastKnownFileType = sourcecode.c.h; path = JSONValueTransformer.h; sourceTree = "<group>"; };
		6CB9EBC51C1FEDDF006C64F0 /* JSONValueTransformer.m */ = {isa = PBXFileReference; fileEncoding = 4; lastKnownFileType = sourcecode.c.objc; path = JSONValueTransformer.m; sourceTree = "<group>"; };
		6CB9EBD11C1FEE3E006C64F0 /* libsqlite3.tbd */ = {isa = PBXFileReference; lastKnownFileType = "sourcecode.text-based-dylib-definition"; name = libsqlite3.tbd; path = usr/lib/libsqlite3.tbd; sourceTree = SDKROOT; };
		6CB9EBD31C1FEF3F006C64F0 /* AdSupport.framework */ = {isa = PBXFileReference; lastKnownFileType = wrapper.framework; name = AdSupport.framework; path = System/Library/Frameworks/AdSupport.framework; sourceTree = SDKROOT; };
		6CB9EBD51C1FEF4D006C64F0 /* CoreTelephony.framework */ = {isa = PBXFileReference; lastKnownFileType = wrapper.framework; name = CoreTelephony.framework; path = System/Library/Frameworks/CoreTelephony.framework; sourceTree = SDKROOT; };
		6CB9EBD81C1FF0D0006C64F0 /* CSLDataBase.h */ = {isa = PBXFileReference; fileEncoding = 4; lastKnownFileType = sourcecode.c.h; path = CSLDataBase.h; sourceTree = "<group>"; };
		6CB9EBD91C1FF0D0006C64F0 /* CSLDataBase.m */ = {isa = PBXFileReference; fileEncoding = 4; lastKnownFileType = sourcecode.c.objc; path = CSLDataBase.m; sourceTree = "<group>"; };
		6CB9EBDC1C1FF145006C64F0 /* CSLPositionModel.h */ = {isa = PBXFileReference; fileEncoding = 4; lastKnownFileType = sourcecode.c.h; path = CSLPositionModel.h; sourceTree = "<group>"; };
		6CB9EBDD1C1FF145006C64F0 /* CSLPositionModel.m */ = {isa = PBXFileReference; fileEncoding = 4; lastKnownFileType = sourcecode.c.objc; path = CSLPositionModel.m; sourceTree = "<group>"; };
		6CB9EBDE1C1FF145006C64F0 /* CSLShopInfoModel.h */ = {isa = PBXFileReference; fileEncoding = 4; lastKnownFileType = sourcecode.c.h; path = CSLShopInfoModel.h; sourceTree = "<group>"; };
		6CB9EBDF1C1FF145006C64F0 /* CSLShopInfoModel.m */ = {isa = PBXFileReference; fileEncoding = 4; lastKnownFileType = sourcecode.c.objc; path = CSLShopInfoModel.m; sourceTree = "<group>"; };
		6CB9EBE01C1FF145006C64F0 /* CSLShopListModel.h */ = {isa = PBXFileReference; fileEncoding = 4; lastKnownFileType = sourcecode.c.h; path = CSLShopListModel.h; sourceTree = "<group>"; };
		6CB9EBE11C1FF145006C64F0 /* CSLShopListModel.m */ = {isa = PBXFileReference; fileEncoding = 4; lastKnownFileType = sourcecode.c.objc; path = CSLShopListModel.m; sourceTree = "<group>"; };
		6CB9EBE81C1FF247006C64F0 /* JHAPISDK.h */ = {isa = PBXFileReference; fileEncoding = 4; lastKnownFileType = sourcecode.c.h; path = JHAPISDK.h; sourceTree = "<group>"; };
		6CB9EBE91C1FF247006C64F0 /* JHOpenidSupplier.h */ = {isa = PBXFileReference; fileEncoding = 4; lastKnownFileType = sourcecode.c.h; path = JHOpenidSupplier.h; sourceTree = "<group>"; };
		6CB9EBEA1C1FF247006C64F0 /* JuheApisSDK.a */ = {isa = PBXFileReference; lastKnownFileType = archive.ar; path = JuheApisSDK.a; sourceTree = "<group>"; };
		6CB9EBEC1C1FF2BF006C64F0 /* libc++.tbd */ = {isa = PBXFileReference; lastKnownFileType = "sourcecode.text-based-dylib-definition"; name = "libc++.tbd"; path = "usr/lib/libc++.tbd"; sourceTree = SDKROOT; };
		6CB9EBEE1C1FF657006C64F0 /* CSLHealthViewController.h */ = {isa = PBXFileReference; fileEncoding = 4; lastKnownFileType = sourcecode.c.h; path = CSLHealthViewController.h; sourceTree = "<group>"; };
		6CB9EBEF1C1FF657006C64F0 /* CSLHealthViewController.m */ = {isa = PBXFileReference; fileEncoding = 4; lastKnownFileType = sourcecode.c.objc; path = CSLHealthViewController.m; sourceTree = "<group>"; };
		6CB9EBF01C1FF657006C64F0 /* CSLHealthViewController.xib */ = {isa = PBXFileReference; fileEncoding = 4; lastKnownFileType = file.xib; path = CSLHealthViewController.xib; sourceTree = "<group>"; };
		6CB9EBF41C200E57006C64F0 /* CSLShopListCell.h */ = {isa = PBXFileReference; fileEncoding = 4; lastKnownFileType = sourcecode.c.h; name = CSLShopListCell.h; path = view/CSLShopListCell.h; sourceTree = "<group>"; };
		6CB9EBF51C200E57006C64F0 /* CSLShopListCell.m */ = {isa = PBXFileReference; fileEncoding = 4; lastKnownFileType = sourcecode.c.objc; name = CSLShopListCell.m; path = view/CSLShopListCell.m; sourceTree = "<group>"; };
		6CB9EBF61C200E57006C64F0 /* CSLShopListCell.xib */ = {isa = PBXFileReference; fileEncoding = 4; lastKnownFileType = file.xib; name = CSLShopListCell.xib; path = view/CSLShopListCell.xib; sourceTree = "<group>"; };
		6CB9EBFB1C202CF7006C64F0 /* MJRefreshAutoFooter.h */ = {isa = PBXFileReference; fileEncoding = 4; lastKnownFileType = sourcecode.c.h; path = MJRefreshAutoFooter.h; sourceTree = "<group>"; };
		6CB9EBFC1C202CF7006C64F0 /* MJRefreshAutoFooter.m */ = {isa = PBXFileReference; fileEncoding = 4; lastKnownFileType = sourcecode.c.objc; path = MJRefreshAutoFooter.m; sourceTree = "<group>"; };
		6CB9EBFD1C202CF7006C64F0 /* MJRefreshBackFooter.h */ = {isa = PBXFileReference; fileEncoding = 4; lastKnownFileType = sourcecode.c.h; path = MJRefreshBackFooter.h; sourceTree = "<group>"; };
		6CB9EBFE1C202CF7006C64F0 /* MJRefreshBackFooter.m */ = {isa = PBXFileReference; fileEncoding = 4; lastKnownFileType = sourcecode.c.objc; path = MJRefreshBackFooter.m; sourceTree = "<group>"; };
		6CB9EBFF1C202CF7006C64F0 /* MJRefreshComponent.h */ = {isa = PBXFileReference; fileEncoding = 4; lastKnownFileType = sourcecode.c.h; path = MJRefreshComponent.h; sourceTree = "<group>"; };
		6CB9EC001C202CF7006C64F0 /* MJRefreshComponent.m */ = {isa = PBXFileReference; fileEncoding = 4; lastKnownFileType = sourcecode.c.objc; path = MJRefreshComponent.m; sourceTree = "<group>"; };
		6CB9EC011C202CF7006C64F0 /* MJRefreshFooter.h */ = {isa = PBXFileReference; fileEncoding = 4; lastKnownFileType = sourcecode.c.h; path = MJRefreshFooter.h; sourceTree = "<group>"; };
		6CB9EC021C202CF7006C64F0 /* MJRefreshFooter.m */ = {isa = PBXFileReference; fileEncoding = 4; lastKnownFileType = sourcecode.c.objc; path = MJRefreshFooter.m; sourceTree = "<group>"; };
		6CB9EC031C202CF7006C64F0 /* MJRefreshHeader.h */ = {isa = PBXFileReference; fileEncoding = 4; lastKnownFileType = sourcecode.c.h; path = MJRefreshHeader.h; sourceTree = "<group>"; };
		6CB9EC041C202CF7006C64F0 /* MJRefreshHeader.m */ = {isa = PBXFileReference; fileEncoding = 4; lastKnownFileType = sourcecode.c.objc; path = MJRefreshHeader.m; sourceTree = "<group>"; };
		6CB9EC081C202CF7006C64F0 /* MJRefreshAutoGifFooter.h */ = {isa = PBXFileReference; fileEncoding = 4; lastKnownFileType = sourcecode.c.h; path = MJRefreshAutoGifFooter.h; sourceTree = "<group>"; };
		6CB9EC091C202CF7006C64F0 /* MJRefreshAutoGifFooter.m */ = {isa = PBXFileReference; fileEncoding = 4; lastKnownFileType = sourcecode.c.objc; path = MJRefreshAutoGifFooter.m; sourceTree = "<group>"; };
		6CB9EC0A1C202CF7006C64F0 /* MJRefreshAutoNormalFooter.h */ = {isa = PBXFileReference; fileEncoding = 4; lastKnownFileType = sourcecode.c.h; path = MJRefreshAutoNormalFooter.h; sourceTree = "<group>"; };
		6CB9EC0B1C202CF7006C64F0 /* MJRefreshAutoNormalFooter.m */ = {isa = PBXFileReference; fileEncoding = 4; lastKnownFileType = sourcecode.c.objc; path = MJRefreshAutoNormalFooter.m; sourceTree = "<group>"; };
		6CB9EC0C1C202CF7006C64F0 /* MJRefreshAutoStateFooter.h */ = {isa = PBXFileReference; fileEncoding = 4; lastKnownFileType = sourcecode.c.h; path = MJRefreshAutoStateFooter.h; sourceTree = "<group>"; };
		6CB9EC0D1C202CF7006C64F0 /* MJRefreshAutoStateFooter.m */ = {isa = PBXFileReference; fileEncoding = 4; lastKnownFileType = sourcecode.c.objc; path = MJRefreshAutoStateFooter.m; sourceTree = "<group>"; };
		6CB9EC0F1C202CF7006C64F0 /* MJRefreshBackGifFooter.h */ = {isa = PBXFileReference; fileEncoding = 4; lastKnownFileType = sourcecode.c.h; path = MJRefreshBackGifFooter.h; sourceTree = "<group>"; };
		6CB9EC101C202CF7006C64F0 /* MJRefreshBackGifFooter.m */ = {isa = PBXFileReference; fileEncoding = 4; lastKnownFileType = sourcecode.c.objc; path = MJRefreshBackGifFooter.m; sourceTree = "<group>"; };
		6CB9EC111C202CF7006C64F0 /* MJRefreshBackNormalFooter.h */ = {isa = PBXFileReference; fileEncoding = 4; lastKnownFileType = sourcecode.c.h; path = MJRefreshBackNormalFooter.h; sourceTree = "<group>"; };
		6CB9EC121C202CF7006C64F0 /* MJRefreshBackNormalFooter.m */ = {isa = PBXFileReference; fileEncoding = 4; lastKnownFileType = sourcecode.c.objc; path = MJRefreshBackNormalFooter.m; sourceTree = "<group>"; };
		6CB9EC131C202CF7006C64F0 /* MJRefreshBackStateFooter.h */ = {isa = PBXFileReference; fileEncoding = 4; lastKnownFileType = sourcecode.c.h; path = MJRefreshBackStateFooter.h; sourceTree = "<group>"; };
		6CB9EC141C202CF7006C64F0 /* MJRefreshBackStateFooter.m */ = {isa = PBXFileReference; fileEncoding = 4; lastKnownFileType = sourcecode.c.objc; path = MJRefreshBackStateFooter.m; sourceTree = "<group>"; };
		6CB9EC161C202CF7006C64F0 /* MJRefreshGifHeader.h */ = {isa = PBXFileReference; fileEncoding = 4; lastKnownFileType = sourcecode.c.h; path = MJRefreshGifHeader.h; sourceTree = "<group>"; };
		6CB9EC171C202CF7006C64F0 /* MJRefreshGifHeader.m */ = {isa = PBXFileReference; fileEncoding = 4; lastKnownFileType = sourcecode.c.objc; path = MJRefreshGifHeader.m; sourceTree = "<group>"; };
		6CB9EC181C202CF7006C64F0 /* MJRefreshNormalHeader.h */ = {isa = PBXFileReference; fileEncoding = 4; lastKnownFileType = sourcecode.c.h; path = MJRefreshNormalHeader.h; sourceTree = "<group>"; };
		6CB9EC191C202CF7006C64F0 /* MJRefreshNormalHeader.m */ = {isa = PBXFileReference; fileEncoding = 4; lastKnownFileType = sourcecode.c.objc; path = MJRefreshNormalHeader.m; sourceTree = "<group>"; };
		6CB9EC1A1C202CF7006C64F0 /* MJRefreshStateHeader.h */ = {isa = PBXFileReference; fileEncoding = 4; lastKnownFileType = sourcecode.c.h; path = MJRefreshStateHeader.h; sourceTree = "<group>"; };
		6CB9EC1B1C202CF7006C64F0 /* MJRefreshStateHeader.m */ = {isa = PBXFileReference; fileEncoding = 4; lastKnownFileType = sourcecode.c.objc; path = MJRefreshStateHeader.m; sourceTree = "<group>"; };
		6CB9EC1C1C202CF7006C64F0 /* MJRefresh.bundle */ = {isa = PBXFileReference; lastKnownFileType = "wrapper.plug-in"; path = MJRefresh.bundle; sourceTree = "<group>"; };
		6CB9EC1D1C202CF7006C64F0 /* MJRefresh.h */ = {isa = PBXFileReference; fileEncoding = 4; lastKnownFileType = sourcecode.c.h; path = MJRefresh.h; sourceTree = "<group>"; };
		6CB9EC1E1C202CF7006C64F0 /* MJRefreshConst.h */ = {isa = PBXFileReference; fileEncoding = 4; lastKnownFileType = sourcecode.c.h; path = MJRefreshConst.h; sourceTree = "<group>"; };
		6CB9EC1F1C202CF7006C64F0 /* MJRefreshConst.m */ = {isa = PBXFileReference; fileEncoding = 4; lastKnownFileType = sourcecode.c.objc; path = MJRefreshConst.m; sourceTree = "<group>"; };
		6CB9EC201C202CF7006C64F0 /* UIScrollView+MJExtension.h */ = {isa = PBXFileReference; fileEncoding = 4; lastKnownFileType = sourcecode.c.h; path = "UIScrollView+MJExtension.h"; sourceTree = "<group>"; };
		6CB9EC211C202CF7006C64F0 /* UIScrollView+MJExtension.m */ = {isa = PBXFileReference; fileEncoding = 4; lastKnownFileType = sourcecode.c.objc; path = "UIScrollView+MJExtension.m"; sourceTree = "<group>"; };
		6CB9EC221C202CF7006C64F0 /* UIScrollView+MJRefresh.h */ = {isa = PBXFileReference; fileEncoding = 4; lastKnownFileType = sourcecode.c.h; path = "UIScrollView+MJRefresh.h"; sourceTree = "<group>"; };
		6CB9EC231C202CF7006C64F0 /* UIScrollView+MJRefresh.m */ = {isa = PBXFileReference; fileEncoding = 4; lastKnownFileType = sourcecode.c.objc; path = "UIScrollView+MJRefresh.m"; sourceTree = "<group>"; };
		6CB9EC241C202CF7006C64F0 /* UIView+MJExtension.h */ = {isa = PBXFileReference; fileEncoding = 4; lastKnownFileType = sourcecode.c.h; path = "UIView+MJExtension.h"; sourceTree = "<group>"; };
		6CB9EC251C202CF8006C64F0 /* UIView+MJExtension.m */ = {isa = PBXFileReference; fileEncoding = 4; lastKnownFileType = sourcecode.c.objc; path = "UIView+MJExtension.m"; sourceTree = "<group>"; };
		6CB9EC3A1C20339E006C64F0 /* MBProgressHUD.h */ = {isa = PBXFileReference; fileEncoding = 4; lastKnownFileType = sourcecode.c.h; path = MBProgressHUD.h; sourceTree = "<group>"; };
		6CB9EC3B1C20339E006C64F0 /* MBProgressHUD.m */ = {isa = PBXFileReference; fileEncoding = 4; lastKnownFileType = sourcecode.c.objc; path = MBProgressHUD.m; sourceTree = "<group>"; };
		6CD178161C22CF0900E6DE32 /* CSLDrugListModel.h */ = {isa = PBXFileReference; fileEncoding = 4; lastKnownFileType = sourcecode.c.h; path = CSLDrugListModel.h; sourceTree = "<group>"; };
		6CD178171C22CF0900E6DE32 /* CSLDrugListModel.m */ = {isa = PBXFileReference; fileEncoding = 4; lastKnownFileType = sourcecode.c.objc; path = CSLDrugListModel.m; sourceTree = "<group>"; };
		6CD178191C22D8A900E6DE32 /* CSLDrugListCell.h */ = {isa = PBXFileReference; fileEncoding = 4; lastKnownFileType = sourcecode.c.h; name = CSLDrugListCell.h; path = view/CSLDrugListCell.h; sourceTree = "<group>"; };
		6CD1781A1C22D8A900E6DE32 /* CSLDrugListCell.m */ = {isa = PBXFileReference; fileEncoding = 4; lastKnownFileType = sourcecode.c.objc; name = CSLDrugListCell.m; path = view/CSLDrugListCell.m; sourceTree = "<group>"; };
		6CD1781B1C22D8A900E6DE32 /* CSLDrugListCell.xib */ = {isa = PBXFileReference; fileEncoding = 4; lastKnownFileType = file.xib; name = CSLDrugListCell.xib; path = view/CSLDrugListCell.xib; sourceTree = "<group>"; };
		6CD1781E1C22DFFC00E6DE32 /* CSLDrugDetailController.h */ = {isa = PBXFileReference; fileEncoding = 4; lastKnownFileType = sourcecode.c.h; name = CSLDrugDetailController.h; path = drug/CSLDrugDetailController.h; sourceTree = "<group>"; };
		6CD1781F1C22DFFC00E6DE32 /* CSLDrugDetailController.m */ = {isa = PBXFileReference; fileEncoding = 4; lastKnownFileType = sourcecode.c.objc; name = CSLDrugDetailController.m; path = drug/CSLDrugDetailController.m; sourceTree = "<group>"; };
		6CEE38961C2191FE0077291F /* CommonMacro.h */ = {isa = PBXFileReference; fileEncoding = 4; lastKnownFileType = sourcecode.c.h; path = CommonMacro.h; sourceTree = "<group>"; };
		6CEE38971C2191FE0077291F /* SCNavTabBar.bundle */ = {isa = PBXFileReference; lastKnownFileType = "wrapper.plug-in"; path = SCNavTabBar.bundle; sourceTree = "<group>"; };
		6CEE38991C2191FE0077291F /* SCNavTabBarController.h */ = {isa = PBXFileReference; fileEncoding = 4; lastKnownFileType = sourcecode.c.h; path = SCNavTabBarController.h; sourceTree = "<group>"; };
		6CEE389A1C2191FE0077291F /* SCNavTabBarController.m */ = {isa = PBXFileReference; fileEncoding = 4; lastKnownFileType = sourcecode.c.objc; path = SCNavTabBarController.m; sourceTree = "<group>"; };
		6CEE389C1C2191FE0077291F /* SCNavTabBar.h */ = {isa = PBXFileReference; fileEncoding = 4; lastKnownFileType = sourcecode.c.h; path = SCNavTabBar.h; sourceTree = "<group>"; };
		6CEE389D1C2191FE0077291F /* SCNavTabBar.m */ = {isa = PBXFileReference; fileEncoding = 4; lastKnownFileType = sourcecode.c.objc; path = SCNavTabBar.m; sourceTree = "<group>"; };
		6CEE389E1C2191FE0077291F /* SCPopView.h */ = {isa = PBXFileReference; fileEncoding = 4; lastKnownFileType = sourcecode.c.h; path = SCPopView.h; sourceTree = "<group>"; };
		6CEE389F1C2191FE0077291F /* SCPopView.m */ = {isa = PBXFileReference; fileEncoding = 4; lastKnownFileType = sourcecode.c.objc; path = SCPopView.m; sourceTree = "<group>"; };
		6CEE38A41C21924D0077291F /* CSLHealthMainController.h */ = {isa = PBXFileReference; fileEncoding = 4; lastKnownFileType = sourcecode.c.h; path = CSLHealthMainController.h; sourceTree = "<group>"; };
		6CEE38A51C21924D0077291F /* CSLHealthMainController.m */ = {isa = PBXFileReference; fileEncoding = 4; lastKnownFileType = sourcecode.c.objc; path = CSLHealthMainController.m; sourceTree = "<group>"; };
		6CF5C1011C24FB500086FCC6 /* CSLVocabularyController.h */ = {isa = PBXFileReference; fileEncoding = 4; lastKnownFileType = sourcecode.c.h; path = CSLVocabularyController.h; sourceTree = "<group>"; };
		6CF5C1021C24FB500086FCC6 /* CSLVocabularyController.m */ = {isa = PBXFileReference; fileEncoding = 4; lastKnownFileType = sourcecode.c.objc; path = CSLVocabularyController.m; sourceTree = "<group>"; };
		6CF5C1041C24FBE90086FCC6 /* CSLVocabularyController.xib */ = {isa = PBXFileReference; fileEncoding = 4; lastKnownFileType = file.xib; path = CSLVocabularyController.xib; sourceTree = "<group>"; };
		6CF5C1071C2540A70086FCC6 /* CSLVocabularyModel.h */ = {isa = PBXFileReference; fileEncoding = 4; lastKnownFileType = sourcecode.c.h; name = CSLVocabularyModel.h; path = model/CSLVocabularyModel.h; sourceTree = "<group>"; };
		6CF5C1081C2540A70086FCC6 /* cSLVocabularyModel.m */ = {isa = PBXFileReference; fileEncoding = 4; lastKnownFileType = sourcecode.c.objc; name = cSLVocabularyModel.m; path = model/cSLVocabularyModel.m; sourceTree = "<group>"; };
		6CFD58A41C21A616000B262D /* CSLDrugListViewController.h */ = {isa = PBXFileReference; fileEncoding = 4; lastKnownFileType = sourcecode.c.h; path = CSLDrugListViewController.h; sourceTree = "<group>"; };
		6CFD58A51C21A616000B262D /* CSLDrugListViewController.m */ = {isa = PBXFileReference; fileEncoding = 4; lastKnownFileType = sourcecode.c.objc; path = CSLDrugListViewController.m; sourceTree = "<group>"; };
		6CFD58A61C21A616000B262D /* CSLDrugListViewController.xib */ = {isa = PBXFileReference; fileEncoding = 4; lastKnownFileType = file.xib; path = CSLDrugListViewController.xib; sourceTree = "<group>"; };
		6CFD58A91C21A75C000B262D /* CSLDrugTypeViewController.h */ = {isa = PBXFileReference; fileEncoding = 4; lastKnownFileType = sourcecode.c.h; path = CSLDrugTypeViewController.h; sourceTree = "<group>"; };
		6CFD58AA1C21A75C000B262D /* CSLDrugTypeViewController.m */ = {isa = PBXFileReference; fileEncoding = 4; lastKnownFileType = sourcecode.c.objc; path = CSLDrugTypeViewController.m; sourceTree = "<group>"; };
		6CFD58AB1C21A75C000B262D /* CSLDrugTypeViewController.xib */ = {isa = PBXFileReference; fileEncoding = 4; lastKnownFileType = file.xib; path = CSLDrugTypeViewController.xib; sourceTree = "<group>"; };
		6CFD58B01C21AA45000B262D /* CSLDrugTypeLeftController.h */ = {isa = PBXFileReference; fileEncoding = 4; lastKnownFileType = sourcecode.c.h; name = CSLDrugTypeLeftController.h; path = drug/CSLDrugTypeLeftController.h; sourceTree = "<group>"; };
		6CFD58B11C21AA45000B262D /* CSLDrugTypeLeftController.m */ = {isa = PBXFileReference; fileEncoding = 4; lastKnownFileType = sourcecode.c.objc; name = CSLDrugTypeLeftController.m; path = drug/CSLDrugTypeLeftController.m; sourceTree = "<group>"; };
		6CFD58B51C21AD26000B262D /* CSLDrugTypeLeftController.xib */ = {isa = PBXFileReference; fileEncoding = 4; lastKnownFileType = file.xib; path = CSLDrugTypeLeftController.xib; sourceTree = "<group>"; };
		6CFD58B71C21AF48000B262D /* CSLDrugTypeModel.h */ = {isa = PBXFileReference; fileEncoding = 4; lastKnownFileType = sourcecode.c.h; path = CSLDrugTypeModel.h; sourceTree = "<group>"; };
		6CFD58B81C21AF48000B262D /* CSLDrugTypeModel.m */ = {isa = PBXFileReference; fileEncoding = 4; lastKnownFileType = sourcecode.c.objc; path = CSLDrugTypeModel.m; sourceTree = "<group>"; };
		6CFD58BA1C21AFF5000B262D /* CSLDrugTypeDetailViewController.h */ = {isa = PBXFileReference; fileEncoding = 4; lastKnownFileType = sourcecode.c.h; name = CSLDrugTypeDetailViewController.h; path = drug/CSLDrugTypeDetailViewController.h; sourceTree = "<group>"; };
		6CFD58BB1C21AFF5000B262D /* CSLDrugTypeDetailViewController.m */ = {isa = PBXFileReference; fileEncoding = 4; lastKnownFileType = sourcecode.c.objc; name = CSLDrugTypeDetailViewController.m; path = drug/CSLDrugTypeDetailViewController.m; sourceTree = "<group>"; };
		6CFD58BC1C21AFF5000B262D /* CSLDrugTypeDetailViewController.xib */ = {isa = PBXFileReference; fileEncoding = 4; lastKnownFileType = file.xib; name = CSLDrugTypeDetailViewController.xib; path = drug/CSLDrugTypeDetailViewController.xib; sourceTree = "<group>"; };
		7FE7FBD82F87F3523EC7BCCD /* Pods.debug.xcconfig */ = {isa = PBXFileReference; includeInIndex = 1; lastKnownFileType = text.xcconfig; name = Pods.debug.xcconfig; path = "Pods/Target Support Files/Pods/Pods.debug.xcconfig"; sourceTree = "<group>"; };
		BDC7C3E36C06637BB62B476B /* libPods.a */ = {isa = PBXFileReference; explicitFileType = archive.ar; includeInIndex = 0; path = libPods.a; sourceTree = BUILT_PRODUCTS_DIR; };
		D07D47B2BEA5DA8D58961260 /* Pods.release.xcconfig */ = {isa = PBXFileReference; includeInIndex = 1; lastKnownFileType = text.xcconfig; name = Pods.release.xcconfig; path = "Pods/Target Support Files/Pods/Pods.release.xcconfig"; sourceTree = "<group>"; };
/* End PBXFileReference section */

/* Begin PBXFrameworksBuildPhase section */
		6CB503B81C185ACE0026891F /* Frameworks */ = {
			isa = PBXFrameworksBuildPhase;
			buildActionMask = 2147483647;
			files = (
				6CB9EBED1C1FF2BF006C64F0 /* libc++.tbd in Frameworks */,
				6CB9EBD61C1FEF4D006C64F0 /* CoreTelephony.framework in Frameworks */,
				6CB9EBD41C1FEF3F006C64F0 /* AdSupport.framework in Frameworks */,
				6CB9EBEB1C1FF247006C64F0 /* JuheApisSDK.a in Frameworks */,
				6CB9EBD21C1FEE3F006C64F0 /* libsqlite3.tbd in Frameworks */,
				9D597E1D483010A03B8813F6 /* libPods.a in Frameworks */,
			);
			runOnlyForDeploymentPostprocessing = 0;
		};
/* End PBXFrameworksBuildPhase section */

/* Begin PBXGroup section */
		6C6D47CA1C18613C00B80FB6 /* 3rd */ = {
			isa = PBXGroup;
			children = (
				6CEE38951C2191FE0077291F /* SCNavTabBar */,
				6CB9EC391C203384006C64F0 /* MBProgressHUD */,
				6CB9EBF91C202CF7006C64F0 /* MJRefresh */,
				6CB9EBE51C1FF247006C64F0 /* JuheApisSDK */,
				6CB9EBAC1C1FEDDF006C64F0 /* JSONModel */,
				6CB9EB9B1C1FEDD6006C64F0 /* fmdb */,
				6C9FB9A91C185BE700725C02 /* QRCodeReaderViewController */,
			);
			name = 3rd;
			sourceTree = "<group>";
		};
		6C9FB98E1C185BE600725C02 /* Controller */ = {
			isa = PBXGroup;
			children = (
				6C9FB98F1C185BE600725C02 /* chatroom */,
				6C9FB9931C185BE600725C02 /* commontool */,
				6C9FB9971C185BE600725C02 /* CSLBaseViewController.h */,
				6C9FB9981C185BE600725C02 /* CSLBaseViewController.m */,
				6C9FB9991C185BE600725C02 /* health */,
			);
			path = Controller;
			sourceTree = "<group>";
		};
		6C9FB98F1C185BE600725C02 /* chatroom */ = {
			isa = PBXGroup;
			children = (
				6C9FB9901C185BE600725C02 /* CSLChatroomViewController.h */,
				6C9FB9911C185BE600725C02 /* CSLChatroomViewController.m */,
				6C9FB9921C185BE600725C02 /* CSLChatroomViewController.xib */,
			);
			path = chatroom;
			sourceTree = "<group>";
		};
		6C9FB9931C185BE600725C02 /* commontool */ = {
			isa = PBXGroup;
			children = (
				6CF5C10A1C25416E0086FCC6 /* view */,
				6CF5C1061C2540720086FCC6 /* model */,
				6C6D47CB1C18617900B80FB6 /* CSLScanViewController.h */,
				6C6D47CC1C18617900B80FB6 /* CSLScanViewController.m */,
				6C9FB9941C185BE600725C02 /* CSLToolViewController.h */,
				6C9FB9951C185BE600725C02 /* CSLToolViewController.m */,
				6C9FB9961C185BE600725C02 /* CSLToolViewController.xib */,
				6C93F0C81C19246B007BA2B0 /* CSLExpressViewController.h */,
				6C93F0C91C19246B007BA2B0 /* CSLExpressViewController.m */,
				6C93F0CA1C19246B007BA2B0 /* CSLExpressViewController.xib */,
				6CA8F65F1C21691A00FC1BA9 /* CSLFlashlightViewController.h */,
				6CA8F6601C21691A00FC1BA9 /* CSLFlashlightViewController.m */,
				6CF5C1011C24FB500086FCC6 /* CSLVocabularyController.h */,
				6CF5C1021C24FB500086FCC6 /* CSLVocabularyController.m */,
				6CF5C1041C24FBE90086FCC6 /* CSLVocabularyController.xib */,
			);
			path = commontool;
			sourceTree = "<group>";
		};
		6C9FB9991C185BE600725C02 /* health */ = {
			isa = PBXGroup;
			children = (
				6CFD58AF1C21A919000B262D /* shop */,
				6CFD58AE1C21A881000B262D /* drug */,
				6CB9EBF31C200D96006C64F0 /* view */,
				6CB9EBDB1C1FF145006C64F0 /* model */,
				6CEE38A41C21924D0077291F /* CSLHealthMainController.h */,
				6CEE38A51C21924D0077291F /* CSLHealthMainController.m */,
			);
			path = health;
			sourceTree = "<group>";
		};
		6C9FB99D1C185BE600725C02 /* resourcelib */ = {
			isa = PBXGroup;
			children = (
				6CA8F65D1C21417100FC1BA9 /* location.png */,
				6CA8F65B1C213E7C00FC1BA9 /* arrow_right@2x.png */,
				6CA8F6541C20F73C00FC1BA9 /* drugshop.png */,
				6C9FB99E1C185BE600725C02 /* tabbar */,
				6C9FB9A21C185BE700725C02 /* tool */,
			);
			name = resourcelib;
			path = Resource;
			sourceTree = "<group>";
		};
		6C9FB99E1C185BE600725C02 /* tabbar */ = {
			isa = PBXGroup;
			children = (
				6C9FB99F1C185BE600725C02 /* chatroom@2x.png */,
				6C9FB9A01C185BE600725C02 /* health.png */,
				6C9FB9A11C185BE600725C02 /* tool.png */,
			);
			path = tabbar;
			sourceTree = "<group>";
		};
		6C9FB9A21C185BE700725C02 /* tool */ = {
			isa = PBXGroup;
			children = (
				6C9FB9A31C185BE700725C02 /* express.png */,
				6C9FB9A41C185BE700725C02 /* flashlight.png */,
				6C9FB9A51C185BE700725C02 /* twodemention.jpg */,
			);
			path = tool;
			sourceTree = "<group>";
		};
		6C9FB9A61C185BE700725C02 /* Tool */ = {
			isa = PBXGroup;
			children = (
				6CB9EBD71C1FF0D0006C64F0 /* DB */,
				6C6D47CA1C18613C00B80FB6 /* 3rd */,
				6C93F0CD1C192513007BA2B0 /* CSLConstant.h */,
				6C6D47CE1C18833600B80FB6 /* Auxiliary.h */,
				6C6D47CF1C18833600B80FB6 /* Auxiliary.m */,
				6C9FB9A71C185BE700725C02 /* CSLTabBarController.h */,
				6C9FB9A81C185BE700725C02 /* CSLTabBarController.m */,
				6C93F0CE1C1925D1007BA2B0 /* CSLNetRequest.h */,
				6C93F0CF1C1925D1007BA2B0 /* CSLNetRequest.m */,
				6C93F0D11C195B72007BA2B0 /* CSLDownListView.h */,
				6C93F0D21C195B72007BA2B0 /* CSLDownListView.m */,
				6C73E4601C23E36D00B674E9 /* NSObject+perpoty.h */,
				6C73E4611C23E36D00B674E9 /* NSObject+perpoty.m */,
			);
			path = Tool;
			sourceTree = "<group>";
		};
		6C9FB9A91C185BE700725C02 /* QRCodeReaderViewController */ = {
			isa = PBXGroup;
			children = (
				6C9FB9AA1C185BE700725C02 /* QRCameraSwitchButton.h */,
				6C9FB9AB1C185BE700725C02 /* QRCameraSwitchButton.m */,
				6C9FB9AC1C185BE700725C02 /* QRCodeReader.h */,
				6C9FB9AD1C185BE700725C02 /* QRCodeReader.m */,
				6C9FB9AE1C185BE700725C02 /* QRCodeReaderDelegate.h */,
				6C9FB9AF1C185BE700725C02 /* QRCodeReaderView.h */,
				6C9FB9B01C185BE700725C02 /* QRCodeReaderView.m */,
				6C9FB9B11C185BE700725C02 /* QRCodeReaderViewController.h */,
				6C9FB9B21C185BE700725C02 /* QRCodeReaderViewController.m */,
				6C9FB9B31C185BE700725C02 /* QRToggleTorchButton.h */,
				6C9FB9B41C185BE700725C02 /* QRToggleTorchButton.m */,
			);
			path = QRCodeReaderViewController;
			sourceTree = "<group>";
		};
		6CB503B21C185ACE0026891F = {
			isa = PBXGroup;
			children = (
				6CB503BD1C185ACE0026891F /* LiveAssistant */,
				6CB503BC1C185ACE0026891F /* Products */,
				85E713EA889580396727BBD6 /* Pods */,
				B2BD2523249F3FDD38F76E6F /* Frameworks */,
			);
			sourceTree = "<group>";
		};
		6CB503BC1C185ACE0026891F /* Products */ = {
			isa = PBXGroup;
			children = (
				6CB503BB1C185ACE0026891F /* LiveAssistant.app */,
			);
			name = Products;
			sourceTree = "<group>";
		};
		6CB503BD1C185ACE0026891F /* LiveAssistant */ = {
			isa = PBXGroup;
			children = (
				6C9FB98E1C185BE600725C02 /* Controller */,
				6C9FB99D1C185BE600725C02 /* resourcelib */,
				6C9FB9A61C185BE700725C02 /* Tool */,
				6CB503C11C185ACE0026891F /* AppDelegate.h */,
				6C9FB9D01C185C4D00725C02 /* AppDelegate.mm */,
				6CB503C71C185ACE0026891F /* Main.storyboard */,
				6CB503CA1C185ACE0026891F /* Assets.xcassets */,
				6CB503CC1C185ACE0026891F /* LaunchScreen.storyboard */,
				6CB503CF1C185ACE0026891F /* Info.plist */,
				6CB503BE1C185ACE0026891F /* Supporting Files */,
			);
			path = LiveAssistant;
			sourceTree = "<group>";
		};
		6CB503BE1C185ACE0026891F /* Supporting Files */ = {
			isa = PBXGroup;
			children = (
				6CB503BF1C185ACE0026891F /* main.m */,
				6C9FB9CE1C185C2700725C02 /* Localizable.strings */,
			);
			name = "Supporting Files";
			sourceTree = "<group>";
		};
		6CB9EB9B1C1FEDD6006C64F0 /* fmdb */ = {
			isa = PBXGroup;
			children = (
				6CB9EB9C1C1FEDD6006C64F0 /* FMDatabase.h */,
				6CB9EB9D1C1FEDD6006C64F0 /* FMDatabase.m */,
				6CB9EB9E1C1FEDD6006C64F0 /* FMDatabaseAdditions.h */,
				6CB9EB9F1C1FEDD6006C64F0 /* FMDatabaseAdditions.m */,
				6CB9EBA01C1FEDD6006C64F0 /* FMDatabasePool.h */,
				6CB9EBA11C1FEDD6006C64F0 /* FMDatabasePool.m */,
				6CB9EBA21C1FEDD6006C64F0 /* FMDatabaseQueue.h */,
				6CB9EBA31C1FEDD6006C64F0 /* FMDatabaseQueue.m */,
				6CB9EBA41C1FEDD6006C64F0 /* FMDB.h */,
				6CB9EBA51C1FEDD6006C64F0 /* FMResultSet.h */,
				6CB9EBA61C1FEDD6006C64F0 /* FMResultSet.m */,
			);
			path = fmdb;
			sourceTree = "<group>";
		};
		6CB9EBAC1C1FEDDF006C64F0 /* JSONModel */ = {
			isa = PBXGroup;
			children = (
				6CB9EBAD1C1FEDDF006C64F0 /* JSONModel */,
				6CB9EBB61C1FEDDF006C64F0 /* JSONModelCategories */,
				6CB9EBB91C1FEDDF006C64F0 /* JSONModelLib.h */,
				6CB9EBBA1C1FEDDF006C64F0 /* JSONModelNetworking */,
				6CB9EBC11C1FEDDF006C64F0 /* JSONModelTransformations */,
			);
			path = JSONModel;
			sourceTree = "<group>";
		};
		6CB9EBAD1C1FEDDF006C64F0 /* JSONModel */ = {
			isa = PBXGroup;
			children = (
				6CB9EBAE1C1FEDDF006C64F0 /* JSONModel.h */,
				6CB9EBAF1C1FEDDF006C64F0 /* JSONModel.m */,
				6CB9EBB01C1FEDDF006C64F0 /* JSONModelArray.h */,
				6CB9EBB11C1FEDDF006C64F0 /* JSONModelArray.m */,
				6CB9EBB21C1FEDDF006C64F0 /* JSONModelClassProperty.h */,
				6CB9EBB31C1FEDDF006C64F0 /* JSONModelClassProperty.m */,
				6CB9EBB41C1FEDDF006C64F0 /* JSONModelError.h */,
				6CB9EBB51C1FEDDF006C64F0 /* JSONModelError.m */,
			);
			path = JSONModel;
			sourceTree = "<group>";
		};
		6CB9EBB61C1FEDDF006C64F0 /* JSONModelCategories */ = {
			isa = PBXGroup;
			children = (
				6CB9EBB71C1FEDDF006C64F0 /* NSArray+JSONModel.h */,
				6CB9EBB81C1FEDDF006C64F0 /* NSArray+JSONModel.m */,
			);
			path = JSONModelCategories;
			sourceTree = "<group>";
		};
		6CB9EBBA1C1FEDDF006C64F0 /* JSONModelNetworking */ = {
			isa = PBXGroup;
			children = (
				6CB9EBBB1C1FEDDF006C64F0 /* JSONAPI.h */,
				6CB9EBBC1C1FEDDF006C64F0 /* JSONAPI.m */,
				6CB9EBBD1C1FEDDF006C64F0 /* JSONHTTPClient.h */,
				6CB9EBBE1C1FEDDF006C64F0 /* JSONHTTPClient.m */,
				6CB9EBBF1C1FEDDF006C64F0 /* JSONModel+networking.h */,
				6CB9EBC01C1FEDDF006C64F0 /* JSONModel+networking.m */,
			);
			path = JSONModelNetworking;
			sourceTree = "<group>";
		};
		6CB9EBC11C1FEDDF006C64F0 /* JSONModelTransformations */ = {
			isa = PBXGroup;
			children = (
				6CB9EBC21C1FEDDF006C64F0 /* JSONKeyMapper.h */,
				6CB9EBC31C1FEDDF006C64F0 /* JSONKeyMapper.m */,
				6CB9EBC41C1FEDDF006C64F0 /* JSONValueTransformer.h */,
				6CB9EBC51C1FEDDF006C64F0 /* JSONValueTransformer.m */,
			);
			path = JSONModelTransformations;
			sourceTree = "<group>";
		};
		6CB9EBD71C1FF0D0006C64F0 /* DB */ = {
			isa = PBXGroup;
			children = (
				6CB9EBD81C1FF0D0006C64F0 /* CSLDataBase.h */,
				6CB9EBD91C1FF0D0006C64F0 /* CSLDataBase.m */,
			);
			path = DB;
			sourceTree = "<group>";
		};
		6CB9EBDB1C1FF145006C64F0 /* model */ = {
			isa = PBXGroup;
			children = (
				6CB9EBDC1C1FF145006C64F0 /* CSLPositionModel.h */,
				6CB9EBDD1C1FF145006C64F0 /* CSLPositionModel.m */,
				6CB9EBDE1C1FF145006C64F0 /* CSLShopInfoModel.h */,
				6CB9EBDF1C1FF145006C64F0 /* CSLShopInfoModel.m */,
				6CB9EBE01C1FF145006C64F0 /* CSLShopListModel.h */,
				6CB9EBE11C1FF145006C64F0 /* CSLShopListModel.m */,
				6CFD58B71C21AF48000B262D /* CSLDrugTypeModel.h */,
				6CFD58B81C21AF48000B262D /* CSLDrugTypeModel.m */,
				6CD178161C22CF0900E6DE32 /* CSLDrugListModel.h */,
				6CD178171C22CF0900E6DE32 /* CSLDrugListModel.m */,
			);
			path = model;
			sourceTree = "<group>";
		};
		6CB9EBE51C1FF247006C64F0 /* JuheApisSDK */ = {
			isa = PBXGroup;
			children = (
				6CB9EBE61C1FF247006C64F0 /* include */,
				6CB9EBEA1C1FF247006C64F0 /* JuheApisSDK.a */,
			);
			path = JuheApisSDK;
			sourceTree = "<group>";
		};
		6CB9EBE61C1FF247006C64F0 /* include */ = {
			isa = PBXGroup;
			children = (
				6CB9EBE71C1FF247006C64F0 /* JuheApisSDK */,
			);
			path = include;
			sourceTree = "<group>";
		};
		6CB9EBE71C1FF247006C64F0 /* JuheApisSDK */ = {
			isa = PBXGroup;
			children = (
				6CB9EBE81C1FF247006C64F0 /* JHAPISDK.h */,
				6CB9EBE91C1FF247006C64F0 /* JHOpenidSupplier.h */,
			);
			path = JuheApisSDK;
			sourceTree = "<group>";
		};
		6CB9EBF31C200D96006C64F0 /* view */ = {
			isa = PBXGroup;
			children = (
				6CB9EBF41C200E57006C64F0 /* CSLShopListCell.h */,
				6CB9EBF51C200E57006C64F0 /* CSLShopListCell.m */,
				6CB9EBF61C200E57006C64F0 /* CSLShopListCell.xib */,
				6CD178191C22D8A900E6DE32 /* CSLDrugListCell.h */,
				6CD1781A1C22D8A900E6DE32 /* CSLDrugListCell.m */,
				6CD1781B1C22D8A900E6DE32 /* CSLDrugListCell.xib */,
				6C73E4581C23B88E00B674E9 /* CSLDrugDetailCell.h */,
				6C73E4591C23B88E00B674E9 /* CSLDrugDetailCell.m */,
				6C73E45A1C23B88E00B674E9 /* CSLDrugDetailCell.xib */,
			);
			name = view;
			sourceTree = "<group>";
		};
		6CB9EBF91C202CF7006C64F0 /* MJRefresh */ = {
			isa = PBXGroup;
			children = (
				6CB9EBFA1C202CF7006C64F0 /* Base */,
				6CB9EC051C202CF7006C64F0 /* Custom */,
				6CB9EC1C1C202CF7006C64F0 /* MJRefresh.bundle */,
				6CB9EC1D1C202CF7006C64F0 /* MJRefresh.h */,
				6CB9EC1E1C202CF7006C64F0 /* MJRefreshConst.h */,
				6CB9EC1F1C202CF7006C64F0 /* MJRefreshConst.m */,
				6CB9EC201C202CF7006C64F0 /* UIScrollView+MJExtension.h */,
				6CB9EC211C202CF7006C64F0 /* UIScrollView+MJExtension.m */,
				6CB9EC221C202CF7006C64F0 /* UIScrollView+MJRefresh.h */,
				6CB9EC231C202CF7006C64F0 /* UIScrollView+MJRefresh.m */,
				6CB9EC241C202CF7006C64F0 /* UIView+MJExtension.h */,
				6CB9EC251C202CF8006C64F0 /* UIView+MJExtension.m */,
			);
			path = MJRefresh;
			sourceTree = "<group>";
		};
		6CB9EBFA1C202CF7006C64F0 /* Base */ = {
			isa = PBXGroup;
			children = (
				6CB9EBFB1C202CF7006C64F0 /* MJRefreshAutoFooter.h */,
				6CB9EBFC1C202CF7006C64F0 /* MJRefreshAutoFooter.m */,
				6CB9EBFD1C202CF7006C64F0 /* MJRefreshBackFooter.h */,
				6CB9EBFE1C202CF7006C64F0 /* MJRefreshBackFooter.m */,
				6CB9EBFF1C202CF7006C64F0 /* MJRefreshComponent.h */,
				6CB9EC001C202CF7006C64F0 /* MJRefreshComponent.m */,
				6CB9EC011C202CF7006C64F0 /* MJRefreshFooter.h */,
				6CB9EC021C202CF7006C64F0 /* MJRefreshFooter.m */,
				6CB9EC031C202CF7006C64F0 /* MJRefreshHeader.h */,
				6CB9EC041C202CF7006C64F0 /* MJRefreshHeader.m */,
			);
			path = Base;
			sourceTree = "<group>";
		};
		6CB9EC051C202CF7006C64F0 /* Custom */ = {
			isa = PBXGroup;
			children = (
				6CB9EC061C202CF7006C64F0 /* Footer */,
				6CB9EC151C202CF7006C64F0 /* Header */,
			);
			path = Custom;
			sourceTree = "<group>";
		};
		6CB9EC061C202CF7006C64F0 /* Footer */ = {
			isa = PBXGroup;
			children = (
				6CB9EC071C202CF7006C64F0 /* Auto */,
				6CB9EC0E1C202CF7006C64F0 /* Back */,
			);
			path = Footer;
			sourceTree = "<group>";
		};
		6CB9EC071C202CF7006C64F0 /* Auto */ = {
			isa = PBXGroup;
			children = (
				6CB9EC081C202CF7006C64F0 /* MJRefreshAutoGifFooter.h */,
				6CB9EC091C202CF7006C64F0 /* MJRefreshAutoGifFooter.m */,
				6CB9EC0A1C202CF7006C64F0 /* MJRefreshAutoNormalFooter.h */,
				6CB9EC0B1C202CF7006C64F0 /* MJRefreshAutoNormalFooter.m */,
				6CB9EC0C1C202CF7006C64F0 /* MJRefreshAutoStateFooter.h */,
				6CB9EC0D1C202CF7006C64F0 /* MJRefreshAutoStateFooter.m */,
			);
			path = Auto;
			sourceTree = "<group>";
		};
		6CB9EC0E1C202CF7006C64F0 /* Back */ = {
			isa = PBXGroup;
			children = (
				6CB9EC0F1C202CF7006C64F0 /* MJRefreshBackGifFooter.h */,
				6CB9EC101C202CF7006C64F0 /* MJRefreshBackGifFooter.m */,
				6CB9EC111C202CF7006C64F0 /* MJRefreshBackNormalFooter.h */,
				6CB9EC121C202CF7006C64F0 /* MJRefreshBackNormalFooter.m */,
				6CB9EC131C202CF7006C64F0 /* MJRefreshBackStateFooter.h */,
				6CB9EC141C202CF7006C64F0 /* MJRefreshBackStateFooter.m */,
			);
			path = Back;
			sourceTree = "<group>";
		};
		6CB9EC151C202CF7006C64F0 /* Header */ = {
			isa = PBXGroup;
			children = (
				6CB9EC161C202CF7006C64F0 /* MJRefreshGifHeader.h */,
				6CB9EC171C202CF7006C64F0 /* MJRefreshGifHeader.m */,
				6CB9EC181C202CF7006C64F0 /* MJRefreshNormalHeader.h */,
				6CB9EC191C202CF7006C64F0 /* MJRefreshNormalHeader.m */,
				6CB9EC1A1C202CF7006C64F0 /* MJRefreshStateHeader.h */,
				6CB9EC1B1C202CF7006C64F0 /* MJRefreshStateHeader.m */,
			);
			path = Header;
			sourceTree = "<group>";
		};
		6CB9EC391C203384006C64F0 /* MBProgressHUD */ = {
			isa = PBXGroup;
			children = (
				6CB9EC3A1C20339E006C64F0 /* MBProgressHUD.h */,
				6CB9EC3B1C20339E006C64F0 /* MBProgressHUD.m */,
			);
			name = MBProgressHUD;
			sourceTree = "<group>";
		};
		6CEE38951C2191FE0077291F /* SCNavTabBar */ = {
			isa = PBXGroup;
			children = (
				6CEE38961C2191FE0077291F /* CommonMacro.h */,
				6CEE38971C2191FE0077291F /* SCNavTabBar.bundle */,
				6CEE38981C2191FE0077291F /* ViewControllers */,
				6CEE389B1C2191FE0077291F /* Views */,
			);
			path = SCNavTabBar;
			sourceTree = "<group>";
		};
		6CEE38981C2191FE0077291F /* ViewControllers */ = {
			isa = PBXGroup;
			children = (
				6CEE38991C2191FE0077291F /* SCNavTabBarController.h */,
				6CEE389A1C2191FE0077291F /* SCNavTabBarController.m */,
			);
			path = ViewControllers;
			sourceTree = "<group>";
		};
		6CEE389B1C2191FE0077291F /* Views */ = {
			isa = PBXGroup;
			children = (
				6CEE389C1C2191FE0077291F /* SCNavTabBar.h */,
				6CEE389D1C2191FE0077291F /* SCNavTabBar.m */,
				6CEE389E1C2191FE0077291F /* SCPopView.h */,
				6CEE389F1C2191FE0077291F /* SCPopView.m */,
			);
			path = Views;
			sourceTree = "<group>";
		};
		6CF5C1061C2540720086FCC6 /* model */ = {
			isa = PBXGroup;
			children = (
				6CF5C1071C2540A70086FCC6 /* CSLVocabularyModel.h */,
				6CF5C1081C2540A70086FCC6 /* cSLVocabularyModel.m */,
			);
			name = model;
			sourceTree = "<group>";
		};
		6CF5C10A1C25416E0086FCC6 /* view */ = {
			isa = PBXGroup;
			children = (
			);
			name = view;
			sourceTree = "<group>";
		};
		6CFD58AE1C21A881000B262D /* drug */ = {
			isa = PBXGroup;
			children = (
				6CFD58A41C21A616000B262D /* CSLDrugListViewController.h */,
				6CFD58A51C21A616000B262D /* CSLDrugListViewController.m */,
				6CFD58A61C21A616000B262D /* CSLDrugListViewController.xib */,
				6CFD58A91C21A75C000B262D /* CSLDrugTypeViewController.h */,
				6CFD58AA1C21A75C000B262D /* CSLDrugTypeViewController.m */,
				6CFD58AB1C21A75C000B262D /* CSLDrugTypeViewController.xib */,
				6CFD58B01C21AA45000B262D /* CSLDrugTypeLeftController.h */,
				6CFD58B11C21AA45000B262D /* CSLDrugTypeLeftController.m */,
				6CFD58B51C21AD26000B262D /* CSLDrugTypeLeftController.xib */,
				6CFD58BA1C21AFF5000B262D /* CSLDrugTypeDetailViewController.h */,
				6CFD58BB1C21AFF5000B262D /* CSLDrugTypeDetailViewController.m */,
				6CFD58BC1C21AFF5000B262D /* CSLDrugTypeDetailViewController.xib */,
				6CD1781E1C22DFFC00E6DE32 /* CSLDrugDetailController.h */,
				6CD1781F1C22DFFC00E6DE32 /* CSLDrugDetailController.m */,
				6C73E4511C238E5600B674E9 /* CSLDrugDetailController.xib */,
			);
			name = drug;
			sourceTree = "<group>";
		};
		6CFD58AF1C21A919000B262D /* shop */ = {
			isa = PBXGroup;
			children = (
				6CB9EBEE1C1FF657006C64F0 /* CSLHealthViewController.h */,
				6CB9EBEF1C1FF657006C64F0 /* CSLHealthViewController.m */,
				6CB9EBF01C1FF657006C64F0 /* CSLHealthViewController.xib */,
				6CA8F6561C2112D700FC1BA9 /* CSLShopDetailViewController.h */,
				6CA8F6571C2112D700FC1BA9 /* CSLShopDetailViewController.m */,
				6CA8F6581C2112D700FC1BA9 /* CSLShopDetailViewController.xib */,
			);
			name = shop;
			sourceTree = "<group>";
		};
		85E713EA889580396727BBD6 /* Pods */ = {
			isa = PBXGroup;
			children = (
				7FE7FBD82F87F3523EC7BCCD /* Pods.debug.xcconfig */,
				D07D47B2BEA5DA8D58961260 /* Pods.release.xcconfig */,
			);
			name = Pods;
			sourceTree = "<group>";
		};
		B2BD2523249F3FDD38F76E6F /* Frameworks */ = {
			isa = PBXGroup;
			children = (
				6CB9EBEC1C1FF2BF006C64F0 /* libc++.tbd */,
				6CB9EBD51C1FEF4D006C64F0 /* CoreTelephony.framework */,
				6CB9EBD31C1FEF3F006C64F0 /* AdSupport.framework */,
				6CB9EBD11C1FEE3E006C64F0 /* libsqlite3.tbd */,
				BDC7C3E36C06637BB62B476B /* libPods.a */,
			);
			name = Frameworks;
			sourceTree = "<group>";
		};
/* End PBXGroup section */

/* Begin PBXNativeTarget section */
		6CB503BA1C185ACE0026891F /* LiveAssistant */ = {
			isa = PBXNativeTarget;
			buildConfigurationList = 6CB503D21C185ACE0026891F /* Build configuration list for PBXNativeTarget "LiveAssistant" */;
			buildPhases = (
				64964088D4F372A6FCC3A813 /* Check Pods Manifest.lock */,
				6CB503B71C185ACE0026891F /* Sources */,
				6CB503B81C185ACE0026891F /* Frameworks */,
				6CB503B91C185ACE0026891F /* Resources */,
				149D377BD575F80F128B6905 /* Embed Pods Frameworks */,
				36D0D0BF2AE51270E1E10617 /* Copy Pods Resources */,
			);
			buildRules = (
			);
			dependencies = (
			);
			name = LiveAssistant;
			productName = LiveAssistant;
			productReference = 6CB503BB1C185ACE0026891F /* LiveAssistant.app */;
			productType = "com.apple.product-type.application";
		};
/* End PBXNativeTarget section */

/* Begin PBXProject section */
		6CB503B31C185ACE0026891F /* Project object */ = {
			isa = PBXProject;
			attributes = {
				LastUpgradeCheck = 0710;
				ORGANIZATIONNAME = CSL;
				TargetAttributes = {
					6CB503BA1C185ACE0026891F = {
						CreatedOnToolsVersion = 7.1;
					};
				};
			};
			buildConfigurationList = 6CB503B61C185ACE0026891F /* Build configuration list for PBXProject "LiveAssistant" */;
			compatibilityVersion = "Xcode 3.2";
			developmentRegion = English;
			hasScannedForEncodings = 0;
			knownRegions = (
				en,
				Base,
				"zh-Hans",
			);
			mainGroup = 6CB503B21C185ACE0026891F;
			productRefGroup = 6CB503BC1C185ACE0026891F /* Products */;
			projectDirPath = "";
			projectRoot = "";
			targets = (
				6CB503BA1C185ACE0026891F /* LiveAssistant */,
			);
		};
/* End PBXProject section */

/* Begin PBXResourcesBuildPhase section */
		6CB503B91C185ACE0026891F /* Resources */ = {
			isa = PBXResourcesBuildPhase;
			buildActionMask = 2147483647;
			files = (
				6C9FB9C11C185BE700725C02 /* twodemention.jpg in Resources */,
				6CFD58A81C21A616000B262D /* CSLDrugListViewController.xib in Resources */,
				6CA8F65C1C213E7C00FC1BA9 /* arrow_right@2x.png in Resources */,
				6CB9EBF21C1FF657006C64F0 /* CSLHealthViewController.xib in Resources */,
				6CA8F65A1C2112D700FC1BA9 /* CSLShopDetailViewController.xib in Resources */,
				6CF5C1051C24FBE90086FCC6 /* CSLVocabularyController.xib in Resources */,
				6C73E45C1C23B88E00B674E9 /* CSLDrugDetailCell.xib in Resources */,
				6C9FB9B61C185BE700725C02 /* CSLChatroomViewController.xib in Resources */,
				6C9FB9B81C185BE700725C02 /* CSLToolViewController.xib in Resources */,
				6C9FB9BE1C185BE700725C02 /* tool.png in Resources */,
				6C9FB9C01C185BE700725C02 /* flashlight.png in Resources */,
				6CB503CE1C185ACE0026891F /* LaunchScreen.storyboard in Resources */,
				6C93F0CC1C19246B007BA2B0 /* CSLExpressViewController.xib in Resources */,
				6CFD58B61C21AD26000B262D /* CSLDrugTypeLeftController.xib in Resources */,
				6C9FB9BD1C185BE700725C02 /* health.png in Resources */,
				6CA8F6551C20F73C00FC1BA9 /* drugshop.png in Resources */,
				6CFD58BE1C21AFF5000B262D /* CSLDrugTypeDetailViewController.xib in Resources */,
				6CA8F65E1C21417100FC1BA9 /* location.png in Resources */,
				6CEE38A01C2191FE0077291F /* SCNavTabBar.bundle in Resources */,
				6CB503CB1C185ACE0026891F /* Assets.xcassets in Resources */,
				6CD1781D1C22D8A900E6DE32 /* CSLDrugListCell.xib in Resources */,
				6CFD58AD1C21A75C000B262D /* CSLDrugTypeViewController.xib in Resources */,
				6CB9EBF81C200E58006C64F0 /* CSLShopListCell.xib in Resources */,
				6C9FB9BF1C185BE700725C02 /* express.png in Resources */,
				6C9FB9CC1C185C2700725C02 /* Localizable.strings in Resources */,
				6C73E4531C238E5600B674E9 /* CSLDrugDetailController.xib in Resources */,
				6C9FB9BC1C185BE700725C02 /* chatroom@2x.png in Resources */,
				6CB9EC341C202CF8006C64F0 /* MJRefresh.bundle in Resources */,
				6CB503C91C185ACE0026891F /* Main.storyboard in Resources */,
			);
			runOnlyForDeploymentPostprocessing = 0;
		};
/* End PBXResourcesBuildPhase section */

/* Begin PBXShellScriptBuildPhase section */
		149D377BD575F80F128B6905 /* Embed Pods Frameworks */ = {
			isa = PBXShellScriptBuildPhase;
			buildActionMask = 2147483647;
			files = (
			);
			inputPaths = (
			);
			name = "Embed Pods Frameworks";
			outputPaths = (
			);
			runOnlyForDeploymentPostprocessing = 0;
			shellPath = /bin/sh;
			shellScript = "\"${SRCROOT}/Pods/Target Support Files/Pods/Pods-frameworks.sh\"\n";
			showEnvVarsInLog = 0;
		};
		36D0D0BF2AE51270E1E10617 /* Copy Pods Resources */ = {
			isa = PBXShellScriptBuildPhase;
			buildActionMask = 2147483647;
			files = (
			);
			inputPaths = (
			);
			name = "Copy Pods Resources";
			outputPaths = (
			);
			runOnlyForDeploymentPostprocessing = 0;
			shellPath = /bin/sh;
			shellScript = "\"${SRCROOT}/Pods/Target Support Files/Pods/Pods-resources.sh\"\n";
			showEnvVarsInLog = 0;
		};
		64964088D4F372A6FCC3A813 /* Check Pods Manifest.lock */ = {
			isa = PBXShellScriptBuildPhase;
			buildActionMask = 2147483647;
			files = (
			);
			inputPaths = (
			);
			name = "Check Pods Manifest.lock";
			outputPaths = (
			);
			runOnlyForDeploymentPostprocessing = 0;
			shellPath = /bin/sh;
			shellScript = "diff \"${PODS_ROOT}/../Podfile.lock\" \"${PODS_ROOT}/Manifest.lock\" > /dev/null\nif [[ $? != 0 ]] ; then\n    cat << EOM\nerror: The sandbox is not in sync with the Podfile.lock. Run 'pod install' or update your CocoaPods installation.\nEOM\n    exit 1\nfi\n";
			showEnvVarsInLog = 0;
		};
/* End PBXShellScriptBuildPhase section */

/* Begin PBXSourcesBuildPhase section */
		6CB503B71C185ACE0026891F /* Sources */ = {
			isa = PBXSourcesBuildPhase;
			buildActionMask = 2147483647;
			files = (
				6CB9EC351C202CF8006C64F0 /* MJRefreshConst.m in Sources */,
				6CB9EBCB1C1FEDDF006C64F0 /* JSONAPI.m in Sources */,
				6C93F0CB1C19246B007BA2B0 /* CSLExpressViewController.m in Sources */,
				6CEE38A21C2191FE0077291F /* SCNavTabBar.m in Sources */,
				6C6D47CD1C18617900B80FB6 /* CSLScanViewController.m in Sources */,
				6CF5C1091C2540A70086FCC6 /* cSLVocabularyModel.m in Sources */,
				6CB9EBCE1C1FEDDF006C64F0 /* JSONKeyMapper.m in Sources */,
				6C9FB9B71C185BE700725C02 /* CSLToolViewController.m in Sources */,
				6CF5C1031C24FB500086FCC6 /* CSLVocabularyController.m in Sources */,
				6CB9EC2F1C202CF8006C64F0 /* MJRefreshBackNormalFooter.m in Sources */,
				6CFD58B91C21AF48000B262D /* CSLDrugTypeModel.m in Sources */,
				6CB9EC321C202CF8006C64F0 /* MJRefreshNormalHeader.m in Sources */,
				6CB9EBA71C1FEDD6006C64F0 /* FMDatabase.m in Sources */,
				6C73E4621C23E36D00B674E9 /* NSObject+perpoty.m in Sources */,
				6CB9EBE21C1FF145006C64F0 /* CSLPositionModel.m in Sources */,
				6CFD58AC1C21A75C000B262D /* CSLDrugTypeViewController.m in Sources */,
				6CB9EBF71C200E58006C64F0 /* CSLShopListCell.m in Sources */,
				6CB9EC261C202CF8006C64F0 /* MJRefreshAutoFooter.m in Sources */,
				6C9FB9C21C185BE700725C02 /* CSLTabBarController.m in Sources */,
				6CB9EBCD1C1FEDDF006C64F0 /* JSONModel+networking.m in Sources */,
				6C9FB9C51C185BE700725C02 /* QRCodeReaderView.m in Sources */,
				6CB9EBC81C1FEDDF006C64F0 /* JSONModelClassProperty.m in Sources */,
				6C9FB9C71C185BE700725C02 /* QRToggleTorchButton.m in Sources */,
				6CB9EBDA1C1FF0D0006C64F0 /* CSLDataBase.m in Sources */,
				6CB9EBAB1C1FEDD6006C64F0 /* FMResultSet.m in Sources */,
				6CB9EC311C202CF8006C64F0 /* MJRefreshGifHeader.m in Sources */,
				6CFD58BD1C21AFF5000B262D /* CSLDrugTypeDetailViewController.m in Sources */,
				6CB9EBCA1C1FEDDF006C64F0 /* NSArray+JSONModel.m in Sources */,
				6CB9EC2D1C202CF8006C64F0 /* MJRefreshAutoStateFooter.m in Sources */,
				6CB9EBC91C1FEDDF006C64F0 /* JSONModelError.m in Sources */,
				6C9FB9B51C185BE700725C02 /* CSLChatroomViewController.m in Sources */,
				6C9FB9D11C185C4D00725C02 /* AppDelegate.mm in Sources */,
				6CB9EC291C202CF8006C64F0 /* MJRefreshFooter.m in Sources */,
				6CFD58B31C21AA45000B262D /* CSLDrugTypeLeftController.m in Sources */,
				6C9FB9C61C185BE700725C02 /* QRCodeReaderViewController.m in Sources */,
				6CB9EBCC1C1FEDDF006C64F0 /* JSONHTTPClient.m in Sources */,
				6C93F0D31C195B72007BA2B0 /* CSLDownListView.m in Sources */,
				6CB9EC2B1C202CF8006C64F0 /* MJRefreshAutoGifFooter.m in Sources */,
				6C9FB9C41C185BE700725C02 /* QRCodeReader.m in Sources */,
				6CB9EC381C202CF8006C64F0 /* UIView+MJExtension.m in Sources */,
				6C9FB9B91C185BE700725C02 /* CSLBaseViewController.m in Sources */,
				6CB9EC371C202CF8006C64F0 /* UIScrollView+MJRefresh.m in Sources */,
				6CEE38A11C2191FE0077291F /* SCNavTabBarController.m in Sources */,
				6C93F0D01C1925D1007BA2B0 /* CSLNetRequest.m in Sources */,
				6CD178211C22DFFC00E6DE32 /* CSLDrugDetailController.m in Sources */,
				6C73E45B1C23B88E00B674E9 /* CSLDrugDetailCell.m in Sources */,
				6CB9EBA81C1FEDD6006C64F0 /* FMDatabaseAdditions.m in Sources */,
				6CA8F6591C2112D700FC1BA9 /* CSLShopDetailViewController.m in Sources */,
				6CB9EC271C202CF8006C64F0 /* MJRefreshBackFooter.m in Sources */,
				6CB9EBE41C1FF145006C64F0 /* CSLShopListModel.m in Sources */,
				6CB9EBE31C1FF145006C64F0 /* CSLShopInfoModel.m in Sources */,
				6CD178181C22CF0900E6DE32 /* CSLDrugListModel.m in Sources */,
				6CEE38A31C2191FE0077291F /* SCPopView.m in Sources */,
				6CB9EC2A1C202CF8006C64F0 /* MJRefreshHeader.m in Sources */,
				6CB9EC2C1C202CF8006C64F0 /* MJRefreshAutoNormalFooter.m in Sources */,
				6C9FB9C31C185BE700725C02 /* QRCameraSwitchButton.m in Sources */,
				6CB9EBC61C1FEDDF006C64F0 /* JSONModel.m in Sources */,
				6CB9EC281C202CF8006C64F0 /* MJRefreshComponent.m in Sources */,
				6CB9EBAA1C1FEDD6006C64F0 /* FMDatabaseQueue.m in Sources */,
				6CB9EC2E1C202CF8006C64F0 /* MJRefreshBackGifFooter.m in Sources */,
				6CB9EC361C202CF8006C64F0 /* UIScrollView+MJExtension.m in Sources */,
				6CB9EBCF1C1FEDDF006C64F0 /* JSONValueTransformer.m in Sources */,
				6CB9EBA91C1FEDD6006C64F0 /* FMDatabasePool.m in Sources */,
				6CEE38A61C21924D0077291F /* CSLHealthMainController.m in Sources */,
				6CFD58A71C21A616000B262D /* CSLDrugListViewController.m in Sources */,
				6CB9EBC71C1FEDDF006C64F0 /* JSONModelArray.m in Sources */,
				6CA8F6611C21691A00FC1BA9 /* CSLFlashlightViewController.m in Sources */,
				6CB9EC301C202CF8006C64F0 /* MJRefreshBackStateFooter.m in Sources */,
				6C6D47D01C18833600B80FB6 /* Auxiliary.m in Sources */,
				6CB503C01C185ACE0026891F /* main.m in Sources */,
				6CB9EC331C202CF8006C64F0 /* MJRefreshStateHeader.m in Sources */,
				6CB9EBF11C1FF657006C64F0 /* CSLHealthViewController.m in Sources */,
				6CD1781C1C22D8A900E6DE32 /* CSLDrugListCell.m in Sources */,
				6CB9EC3C1C20339E006C64F0 /* MBProgressHUD.m in Sources */,
			);
			runOnlyForDeploymentPostprocessing = 0;
		};
/* End PBXSourcesBuildPhase section */

/* Begin PBXVariantGroup section */
		6C73E4511C238E5600B674E9 /* CSLDrugDetailController.xib */ = {
			isa = PBXVariantGroup;
			children = (
				6C73E4541C238E5E00B674E9 /* Base */,
				6C73E4551C238E6F00B674E9 /* zh-Hans */,
				6C73E4571C238E7200B674E9 /* en */,
			);
			name = CSLDrugDetailController.xib;
			sourceTree = "<group>";
		};
		6C9FB9CE1C185C2700725C02 /* Localizable.strings */ = {
			isa = PBXVariantGroup;
			children = (
				6C9FB9CD1C185C2700725C02 /* zh-Hans */,
				6C9FB9CF1C185C2900725C02 /* en */,
			);
			name = Localizable.strings;
			sourceTree = "<group>";
		};
		6CB503C71C185ACE0026891F /* Main.storyboard */ = {
			isa = PBXVariantGroup;
			children = (
				6CB503C81C185ACE0026891F /* Base */,
				6C9FB9C81C185BFE00725C02 /* zh-Hans */,
			);
			name = Main.storyboard;
			sourceTree = "<group>";
		};
		6CB503CC1C185ACE0026891F /* LaunchScreen.storyboard */ = {
			isa = PBXVariantGroup;
			children = (
				6CB503CD1C185ACE0026891F /* Base */,
				6C9FB9C91C185BFE00725C02 /* zh-Hans */,
			);
			name = LaunchScreen.storyboard;
			sourceTree = "<group>";
		};
/* End PBXVariantGroup section */

/* Begin XCBuildConfiguration section */
		6CB503D01C185ACE0026891F /* Debug */ = {
			isa = XCBuildConfiguration;
			buildSettings = {
				ALWAYS_SEARCH_USER_PATHS = NO;
				CLANG_CXX_LANGUAGE_STANDARD = "gnu++0x";
				CLANG_CXX_LIBRARY = "libc++";
				CLANG_ENABLE_MODULES = YES;
				CLANG_ENABLE_OBJC_ARC = YES;
				CLANG_WARN_BOOL_CONVERSION = YES;
				CLANG_WARN_CONSTANT_CONVERSION = YES;
				CLANG_WARN_DIRECT_OBJC_ISA_USAGE = YES_ERROR;
				CLANG_WARN_EMPTY_BODY = YES;
				CLANG_WARN_ENUM_CONVERSION = YES;
				CLANG_WARN_INT_CONVERSION = YES;
				CLANG_WARN_OBJC_ROOT_CLASS = YES_ERROR;
				CLANG_WARN_UNREACHABLE_CODE = YES;
				CLANG_WARN__DUPLICATE_METHOD_MATCH = YES;
				"CODE_SIGN_IDENTITY[sdk=iphoneos*]" = "iPhone Developer";
				COPY_PHASE_STRIP = NO;
				DEBUG_INFORMATION_FORMAT = dwarf;
				ENABLE_STRICT_OBJC_MSGSEND = YES;
				ENABLE_TESTABILITY = YES;
				GCC_C_LANGUAGE_STANDARD = gnu99;
				GCC_DYNAMIC_NO_PIC = NO;
				GCC_NO_COMMON_BLOCKS = YES;
				GCC_OPTIMIZATION_LEVEL = 0;
				GCC_PREPROCESSOR_DEFINITIONS = (
					"DEBUG=1",
					"$(inherited)",
				);
				GCC_WARN_64_TO_32_BIT_CONVERSION = YES;
				GCC_WARN_ABOUT_RETURN_TYPE = YES_ERROR;
				GCC_WARN_UNDECLARED_SELECTOR = YES;
				GCC_WARN_UNINITIALIZED_AUTOS = YES_AGGRESSIVE;
				GCC_WARN_UNUSED_FUNCTION = YES;
				GCC_WARN_UNUSED_VARIABLE = YES;
				IPHONEOS_DEPLOYMENT_TARGET = 9.1;
				MTL_ENABLE_DEBUG_INFO = YES;
				ONLY_ACTIVE_ARCH = YES;
				SDKROOT = iphoneos;
			};
			name = Debug;
		};
		6CB503D11C185ACE0026891F /* Release */ = {
			isa = XCBuildConfiguration;
			buildSettings = {
				ALWAYS_SEARCH_USER_PATHS = NO;
				CLANG_CXX_LANGUAGE_STANDARD = "gnu++0x";
				CLANG_CXX_LIBRARY = "libc++";
				CLANG_ENABLE_MODULES = YES;
				CLANG_ENABLE_OBJC_ARC = YES;
				CLANG_WARN_BOOL_CONVERSION = YES;
				CLANG_WARN_CONSTANT_CONVERSION = YES;
				CLANG_WARN_DIRECT_OBJC_ISA_USAGE = YES_ERROR;
				CLANG_WARN_EMPTY_BODY = YES;
				CLANG_WARN_ENUM_CONVERSION = YES;
				CLANG_WARN_INT_CONVERSION = YES;
				CLANG_WARN_OBJC_ROOT_CLASS = YES_ERROR;
				CLANG_WARN_UNREACHABLE_CODE = YES;
				CLANG_WARN__DUPLICATE_METHOD_MATCH = YES;
				"CODE_SIGN_IDENTITY[sdk=iphoneos*]" = "iPhone Developer";
				COPY_PHASE_STRIP = NO;
				DEBUG_INFORMATION_FORMAT = "dwarf-with-dsym";
				ENABLE_NS_ASSERTIONS = NO;
				ENABLE_STRICT_OBJC_MSGSEND = YES;
				GCC_C_LANGUAGE_STANDARD = gnu99;
				GCC_NO_COMMON_BLOCKS = YES;
				GCC_WARN_64_TO_32_BIT_CONVERSION = YES;
				GCC_WARN_ABOUT_RETURN_TYPE = YES_ERROR;
				GCC_WARN_UNDECLARED_SELECTOR = YES;
				GCC_WARN_UNINITIALIZED_AUTOS = YES_AGGRESSIVE;
				GCC_WARN_UNUSED_FUNCTION = YES;
				GCC_WARN_UNUSED_VARIABLE = YES;
				IPHONEOS_DEPLOYMENT_TARGET = 9.1;
				MTL_ENABLE_DEBUG_INFO = NO;
				SDKROOT = iphoneos;
				VALIDATE_PRODUCT = YES;
			};
			name = Release;
		};
		6CB503D31C185ACE0026891F /* Debug */ = {
			isa = XCBuildConfiguration;
			baseConfigurationReference = 7FE7FBD82F87F3523EC7BCCD /* Pods.debug.xcconfig */;
			buildSettings = {
				ASSETCATALOG_COMPILER_APPICON_NAME = AppIcon;
				ENABLE_BITCODE = NO;
				INFOPLIST_FILE = LiveAssistant/Info.plist;
				LD_RUNPATH_SEARCH_PATHS = "$(inherited) @executable_path/Frameworks";
				LIBRARY_SEARCH_PATHS = (
					"$(inherited)",
					"$(PROJECT_DIR)/LiveAssistant/Tool/JuheApisSDK",
				);
				PRODUCT_BUNDLE_IDENTIFIER = com.soft1537.LiveAssistant;
				PRODUCT_NAME = "$(TARGET_NAME)";
			};
			name = Debug;
		};
		6CB503D41C185ACE0026891F /* Release */ = {
			isa = XCBuildConfiguration;
			baseConfigurationReference = D07D47B2BEA5DA8D58961260 /* Pods.release.xcconfig */;
			buildSettings = {
				ASSETCATALOG_COMPILER_APPICON_NAME = AppIcon;
				ENABLE_BITCODE = NO;
				INFOPLIST_FILE = LiveAssistant/Info.plist;
				LD_RUNPATH_SEARCH_PATHS = "$(inherited) @executable_path/Frameworks";
				LIBRARY_SEARCH_PATHS = (
					"$(inherited)",
					"$(PROJECT_DIR)/LiveAssistant/Tool/JuheApisSDK",
				);
				PRODUCT_BUNDLE_IDENTIFIER = com.soft1537.LiveAssistant;
				PRODUCT_NAME = "$(TARGET_NAME)";
			};
			name = Release;
		};
/* End XCBuildConfiguration section */

/* Begin XCConfigurationList section */
		6CB503B61C185ACE0026891F /* Build configuration list for PBXProject "LiveAssistant" */ = {
			isa = XCConfigurationList;
			buildConfigurations = (
				6CB503D01C185ACE0026891F /* Debug */,
				6CB503D11C185ACE0026891F /* Release */,
			);
			defaultConfigurationIsVisible = 0;
			defaultConfigurationName = Release;
		};
		6CB503D21C185ACE0026891F /* Build configuration list for PBXNativeTarget "LiveAssistant" */ = {
			isa = XCConfigurationList;
			buildConfigurations = (
				6CB503D31C185ACE0026891F /* Debug */,
				6CB503D41C185ACE0026891F /* Release */,
			);
			defaultConfigurationIsVisible = 0;
			defaultConfigurationName = Release;
		};
/* End XCConfigurationList section */
	};
	rootObject = 6CB503B31C185ACE0026891F /* Project object */;
}
